
Microsoft Visual Studio Solution File, Format Version 12.00
# Visual Studio Version 17
VisualStudioVersion = 17.1.32228.430
MinimumVisualStudioVersion = 10.0.40219.1
Project("{2150E333-8FDC-42A3-9474-1A3956D46DE8}") = "Formats", "Formats", "{E5507DED-423C-4521-9E6D-A059812EC7CE}"
EndProject
Project("{2150E333-8FDC-42A3-9474-1A3956D46DE8}") = "Examples", "Examples", "{F92446F6-5FB3-4872-8A1C-300E435C09B4}"
EndProject
Project("{9A19103F-16F7-4668-BE54-9A1E7A4F7556}") = "Example.Fixml", "Examples\Example.Fixml\Example.Fixml.csproj", "{CC59B684-FF14-4BCE-8275-C76AFF4690C2}"
EndProject
Project("{9A19103F-16F7-4668-BE54-9A1E7A4F7556}") = "Example.Txt", "Examples\Example.Txt\Example.Txt.csproj", "{F6ACE2AB-6D97-4A74-887B-90BA47D39F83}"
EndProject
Project("{9A19103F-16F7-4668-BE54-9A1E7A4F7556}") = "Omi.Fix.Fixml", "Formats\Omi.Fix.Fixml\Omi.Fix.Fixml.csproj", "{265E6BAF-E085-4227-872F-FA5C911C0282}"
EndProject
Project("{9A19103F-16F7-4668-BE54-9A1E7A4F7556}") = "Omi.Fix.Fixml.Test", "Formats\Omi.Fix.Fixml.Test\Omi.Fix.Fixml.Test.csproj", "{7D5EEA94-0457-4413-9251-EA8A26864931}"
EndProject
Project("{9A19103F-16F7-4668-BE54-9A1E7A4F7556}") = "Omi.Fix.Sbe", "Formats\Omi.Fix.Sbe\Omi.Fix.Sbe.csproj", "{5CEEBBCA-4E14-41B8-BCFF-CF7E4D3EDC84}"
EndProject
Project("{9A19103F-16F7-4668-BE54-9A1E7A4F7556}") = "Omi.Fix.Sbe.Test", "Formats\Omi.Fix.Sbe.Test\Omi.Fix.Sbe.Test.csproj", "{F370167E-B46A-4B3C-B451-15B1124AD941}"
EndProject
Project("{9A19103F-16F7-4668-BE54-9A1E7A4F7556}") = "Omi.Fix.Txt", "Formats\Omi.Fix.Txt\Omi.Fix.Txt.csproj", "{7045CA25-007E-4EE2-A5A6-6835AA647974}"
EndProject
Project("{9A19103F-16F7-4668-BE54-9A1E7A4F7556}") = "Omi.Fix.Txt.Test", "Formats\Omi.Fix.Txt.Test\Omi.Fix.Txt.Test.csproj", "{E6F1411B-810B-478C-B0EF-DBC1553F9C14}"
EndProject
Project("{9A19103F-16F7-4668-BE54-9A1E7A4F7556}") = "Example.Types", "Examples\Example.Types\Example.Types.csproj", "{FB3E7D84-0622-481E-B86A-363BA2B8FE6E}"
EndProject
Project("{9A19103F-16F7-4668-BE54-9A1E7A4F7556}") = "Omi.Fix.Types", "Formats\Omi.Fix.Types\Omi.Fix.Types.csproj", "{AEF770D5-15A9-401C-AE60-98DD4D0B8F6B}"
EndProject
Project("{9A19103F-16F7-4668-BE54-9A1E7A4F7556}") = "Omi.Fix.Types.Test", "Formats\Omi.Fix.Types.Test\Omi.Fix.Types.Test.csproj", "{71830928-8A7E-4719-A508-3D38A790CC36}"
EndProject
Project("{2150E333-8FDC-42A3-9474-1A3956D46DE8}") = "Common", "Common", "{6B73BFD9-5221-480D-89DD-006C36FF389F}"
EndProject
Project("{9A19103F-16F7-4668-BE54-9A1E7A4F7556}") = "Omi.Fix.Specification", "Common\Omi.Fix.Specification\Omi.Fix.Specification.csproj", "{4AF314D3-94AB-41D2-9BFB-B13102A4047C}"
EndProject
Project("{9A19103F-16F7-4668-BE54-9A1E7A4F7556}") = "Omi.Fix.Specification.Test", "Common\Omi.Fix.Specification.Test\Omi.Fix.Specification.Test.csproj", "{2E224F47-38C0-4AB7-AD61-D25B04811224}"
EndProject
Global
	GlobalSection(SolutionConfigurationPlatforms) = preSolution
		Debug|Any CPU = Debug|Any CPU
		Release|Any CPU = Release|Any CPU
	EndGlobalSection
	GlobalSection(ProjectConfigurationPlatforms) = postSolution
		{CC59B684-FF14-4BCE-8275-C76AFF4690C2}.Debug|Any CPU.ActiveCfg = Debug|Any CPU
		{CC59B684-FF14-4BCE-8275-C76AFF4690C2}.Debug|Any CPU.Build.0 = Debug|Any CPU
		{CC59B684-FF14-4BCE-8275-C76AFF4690C2}.Release|Any CPU.ActiveCfg = Release|Any CPU
		{CC59B684-FF14-4BCE-8275-C76AFF4690C2}.Release|Any CPU.Build.0 = Release|Any CPU
		{F6ACE2AB-6D97-4A74-887B-90BA47D39F83}.Debug|Any CPU.ActiveCfg = Debug|Any CPU
		{F6ACE2AB-6D97-4A74-887B-90BA47D39F83}.Debug|Any CPU.Build.0 = Debug|Any CPU
		{F6ACE2AB-6D97-4A74-887B-90BA47D39F83}.Release|Any CPU.ActiveCfg = Release|Any CPU
		{F6ACE2AB-6D97-4A74-887B-90BA47D39F83}.Release|Any CPU.Build.0 = Release|Any CPU
		{265E6BAF-E085-4227-872F-FA5C911C0282}.Debug|Any CPU.ActiveCfg = Debug|Any CPU
		{265E6BAF-E085-4227-872F-FA5C911C0282}.Debug|Any CPU.Build.0 = Debug|Any CPU
		{265E6BAF-E085-4227-872F-FA5C911C0282}.Release|Any CPU.ActiveCfg = Release|Any CPU
		{265E6BAF-E085-4227-872F-FA5C911C0282}.Release|Any CPU.Build.0 = Release|Any CPU
		{7D5EEA94-0457-4413-9251-EA8A26864931}.Debug|Any CPU.ActiveCfg = Debug|Any CPU
		{7D5EEA94-0457-4413-9251-EA8A26864931}.Debug|Any CPU.Build.0 = Debug|Any CPU
		{7D5EEA94-0457-4413-9251-EA8A26864931}.Release|Any CPU.ActiveCfg = Release|Any CPU
		{7D5EEA94-0457-4413-9251-EA8A26864931}.Release|Any CPU.Build.0 = Release|Any CPU
		{5CEEBBCA-4E14-41B8-BCFF-CF7E4D3EDC84}.Debug|Any CPU.ActiveCfg = Debug|Any CPU
		{5CEEBBCA-4E14-41B8-BCFF-CF7E4D3EDC84}.Debug|Any CPU.Build.0 = Debug|Any CPU
		{5CEEBBCA-4E14-41B8-BCFF-CF7E4D3EDC84}.Release|Any CPU.ActiveCfg = Release|Any CPU
		{5CEEBBCA-4E14-41B8-BCFF-CF7E4D3EDC84}.Release|Any CPU.Build.0 = Release|Any CPU
		{F370167E-B46A-4B3C-B451-15B1124AD941}.Debug|Any CPU.ActiveCfg = Debug|Any CPU
		{F370167E-B46A-4B3C-B451-15B1124AD941}.Debug|Any CPU.Build.0 = Debug|Any CPU
		{F370167E-B46A-4B3C-B451-15B1124AD941}.Release|Any CPU.ActiveCfg = Release|Any CPU
		{F370167E-B46A-4B3C-B451-15B1124AD941}.Release|Any CPU.Build.0 = Release|Any CPU
		{7045CA25-007E-4EE2-A5A6-6835AA647974}.Debug|Any CPU.ActiveCfg = Debug|Any CPU
		{7045CA25-007E-4EE2-A5A6-6835AA647974}.Debug|Any CPU.Build.0 = Debug|Any CPU
		{7045CA25-007E-4EE2-A5A6-6835AA647974}.Release|Any CPU.ActiveCfg = Release|Any CPU
		{7045CA25-007E-4EE2-A5A6-6835AA647974}.Release|Any CPU.Build.0 = Release|Any CPU
		{E6F1411B-810B-478C-B0EF-DBC1553F9C14}.Debug|Any CPU.ActiveCfg = Debug|Any CPU
		{E6F1411B-810B-478C-B0EF-DBC1553F9C14}.Debug|Any CPU.Build.0 = Debug|Any CPU
		{E6F1411B-810B-478C-B0EF-DBC1553F9C14}.Release|Any CPU.ActiveCfg = Release|Any CPU
		{E6F1411B-810B-478C-B0EF-DBC1553F9C14}.Release|Any CPU.Build.0 = Release|Any CPU
		{FB3E7D84-0622-481E-B86A-363BA2B8FE6E}.Debug|Any CPU.ActiveCfg = Debug|Any CPU
		{FB3E7D84-0622-481E-B86A-363BA2B8FE6E}.Debug|Any CPU.Build.0 = Debug|Any CPU
		{FB3E7D84-0622-481E-B86A-363BA2B8FE6E}.Release|Any CPU.ActiveCfg = Release|Any CPU
		{FB3E7D84-0622-481E-B86A-363BA2B8FE6E}.Release|Any CPU.Build.0 = Release|Any CPU
		{AEF770D5-15A9-401C-AE60-98DD4D0B8F6B}.Debug|Any CPU.ActiveCfg = Debug|Any CPU
		{AEF770D5-15A9-401C-AE60-98DD4D0B8F6B}.Debug|Any CPU.Build.0 = Debug|Any CPU
		{AEF770D5-15A9-401C-AE60-98DD4D0B8F6B}.Release|Any CPU.ActiveCfg = Release|Any CPU
		{AEF770D5-15A9-401C-AE60-98DD4D0B8F6B}.Release|Any CPU.Build.0 = Release|Any CPU
		{71830928-8A7E-4719-A508-3D38A790CC36}.Debug|Any CPU.ActiveCfg = Debug|Any CPU
		{71830928-8A7E-4719-A508-3D38A790CC36}.Debug|Any CPU.Build.0 = Debug|Any CPU
		{71830928-8A7E-4719-A508-3D38A790CC36}.Release|Any CPU.ActiveCfg = Release|Any CPU
		{71830928-8A7E-4719-A508-3D38A790CC36}.Release|Any CPU.Build.0 = Release|Any CPU
		{4AF314D3-94AB-41D2-9BFB-B13102A4047C}.Debug|Any CPU.ActiveCfg = Debug|Any CPU
		{4AF314D3-94AB-41D2-9BFB-B13102A4047C}.Debug|Any CPU.Build.0 = Debug|Any CPU
		{4AF314D3-94AB-41D2-9BFB-B13102A4047C}.Release|Any CPU.ActiveCfg = Release|Any CPU
		{4AF314D3-94AB-41D2-9BFB-B13102A4047C}.Release|Any CPU.Build.0 = Release|Any CPU
		{2E224F47-38C0-4AB7-AD61-D25B04811224}.Debug|Any CPU.ActiveCfg = Debug|Any CPU
		{2E224F47-38C0-4AB7-AD61-D25B04811224}.Debug|Any CPU.Build.0 = Debug|Any CPU
		{2E224F47-38C0-4AB7-AD61-D25B04811224}.Release|Any CPU.ActiveCfg = Release|Any CPU
		{2E224F47-38C0-4AB7-AD61-D25B04811224}.Release|Any CPU.Build.0 = Release|Any CPU
	EndGlobalSection
	GlobalSection(SolutionProperties) = preSolution
		HideSolutionNode = FALSE
	EndGlobalSection
	GlobalSection(NestedProjects) = preSolution
		{CC59B684-FF14-4BCE-8275-C76AFF4690C2} = {F92446F6-5FB3-4872-8A1C-300E435C09B4}
		{F6ACE2AB-6D97-4A74-887B-90BA47D39F83} = {F92446F6-5FB3-4872-8A1C-300E435C09B4}
		{265E6BAF-E085-4227-872F-FA5C911C0282} = {E5507DED-423C-4521-9E6D-A059812EC7CE}
		{7D5EEA94-0457-4413-9251-EA8A26864931} = {E5507DED-423C-4521-9E6D-A059812EC7CE}
		{5CEEBBCA-4E14-41B8-BCFF-CF7E4D3EDC84} = {E5507DED-423C-4521-9E6D-A059812EC7CE}
		{F370167E-B46A-4B3C-B451-15B1124AD941} = {E5507DED-423C-4521-9E6D-A059812EC7CE}
		{7045CA25-007E-4EE2-A5A6-6835AA647974} = {E5507DED-423C-4521-9E6D-A059812EC7CE}
		{E6F1411B-810B-478C-B0EF-DBC1553F9C14} = {E5507DED-423C-4521-9E6D-A059812EC7CE}
		{FB3E7D84-0622-481E-B86A-363BA2B8FE6E} = {F92446F6-5FB3-4872-8A1C-300E435C09B4}
		{AEF770D5-15A9-401C-AE60-98DD4D0B8F6B} = {E5507DED-423C-4521-9E6D-A059812EC7CE}
		{71830928-8A7E-4719-A508-3D38A790CC36} = {E5507DED-423C-4521-9E6D-A059812EC7CE}
		{4AF314D3-94AB-41D2-9BFB-B13102A4047C} = {6B73BFD9-5221-480D-89DD-006C36FF389F}
		{2E224F47-38C0-4AB7-AD61-D25B04811224} = {6B73BFD9-5221-480D-89DD-006C36FF389F}
	EndGlobalSection
	GlobalSection(ExtensibilityGlobals) = postSolution
		SolutionGuid = {685B1C7B-6F37-4CDA-9B91-02B100EA7248}
	EndGlobalSection
EndGlobal
