
Microsoft Visual Studio Solution File, Format Version 12.00
# Visual Studio Version 17
VisualStudioVersion = 17.1.32228.430
MinimumVisualStudioVersion = 10.0.40219.1
Project("{9A19103F-16F7-4668-BE54-9A1E7A4F7556}") = "Omi.Fix.Specification", "Omi.Fix.Specification\Omi.Fix.Specification.csproj", "{A221E9DB-69B8-4A95-8415-0437025E4C3B}"
EndProject
Project("{9A19103F-16F7-4668-BE54-9A1E7A4F7556}") = "Omi.Fix.Specification.Test", "Omi.Fix.Specification.Test\Omi.Fix.Specification.Test.csproj", "{426117E7-17E1-4E6A-B141-6A68E6509A12}"
EndProject
Project("{2150E333-8FDC-42A3-9474-1A3956D46DE8}") = "Formats", "Formats", "{E5507DED-423C-4521-9E6D-A059812EC7CE}"
EndProject
Project("{2150E333-8FDC-42A3-9474-1A3956D46DE8}") = "Examples", "Examples", "{F92446F6-5FB3-4872-8A1C-300E435C09B4}"
EndProject
Project("{2150E333-8FDC-42A3-9474-1A3956D46DE8}") = "Specification", "Specification", "{A24F01DC-A2CC-405C-ADF1-F0CB82D74E29}"
EndProject
Project("{9A19103F-16F7-4668-BE54-9A1E7A4F7556}") = "Example.Fixml", "Examples\Example.Fixml\Example.Fixml.csproj", "{CC59B684-FF14-4BCE-8275-C76AFF4690C2}"
EndProject
Project("{9A19103F-16F7-4668-BE54-9A1E7A4F7556}") = "Example.Txt", "Examples\Example.Txt\Example.Txt.csproj", "{F6ACE2AB-6D97-4A74-887B-90BA47D39F83}"
EndProject
Project("{9A19103F-16F7-4668-BE54-9A1E7A4F7556}") = "Omi.Fix.Fields", "Formats\Omi.Fix.Fields\Omi.Fix.Fields.csproj", "{83DD4D58-2F87-4976-BFC0-F0B3B5528737}"
EndProject
Project("{9A19103F-16F7-4668-BE54-9A1E7A4F7556}") = "Omi.Fix.Fields.Test", "Formats\Omi.Fix.Fields.Test\Omi.Fix.Fields.Test.csproj", "{237A55F0-9C6C-4D53-9837-73DEA5EDE192}"
EndProject
Project("{9A19103F-16F7-4668-BE54-9A1E7A4F7556}") = "Omi.Fix.Fixml", "Formats\Omi.Fix.Fixml\Omi.Fix.Fixml.csproj", "{265E6BAF-E085-4227-872F-FA5C911C0282}"
EndProject
Project("{9A19103F-16F7-4668-BE54-9A1E7A4F7556}") = "Omi.Fix.Fixml.Test", "Formats\Omi.Fix.Fixml.Test\Omi.Fix.Fixml.Test.csproj", "{7D5EEA94-0457-4413-9251-EA8A26864931}"
EndProject
Project("{9A19103F-16F7-4668-BE54-9A1E7A4F7556}") = "Omi.Fix.Sbe", "Formats\Omi.Fix.Sbe\Omi.Fix.Sbe.csproj", "{5CEEBBCA-4E14-41B8-BCFF-CF7E4D3EDC84}"
EndProject
Project("{9A19103F-16F7-4668-BE54-9A1E7A4F7556}") = "Omi.Fix.Sbe.Test", "Formats\Omi.Fix.Sbe.Test\Omi.Fix.Sbe.Test.csproj", "{F370167E-B46A-4B3C-B451-15B1124AD941}"
EndProject
Project("{9A19103F-16F7-4668-BE54-9A1E7A4F7556}") = "Omi.Fix.Txt", "Formats\Omi.Fix.Txt\Omi.Fix.Txt.csproj", "{7045CA25-007E-4EE2-A5A6-6835AA647974}"
EndProject
Project("{9A19103F-16F7-4668-BE54-9A1E7A4F7556}") = "Omi.Fix.Txt.Test", "Formats\Omi.Fix.Txt.Test\Omi.Fix.Txt.Test.csproj", "{E6F1411B-810B-478C-B0EF-DBC1553F9C14}"
EndProject
Project("{FAE04EC0-301F-11D3-BF4B-00C04F79EFBC}") = "Example.Fields", "Examples\Example.Fields\Example.Fields.csproj", "{9A07DD25-0820-493C-9689-91735011607D}"
EndProject
Global
	GlobalSection(SolutionConfigurationPlatforms) = preSolution
		Debug|Any CPU = Debug|Any CPU
		Release|Any CPU = Release|Any CPU
	EndGlobalSection
	GlobalSection(ProjectConfigurationPlatforms) = postSolution
		{A221E9DB-69B8-4A95-8415-0437025E4C3B}.Debug|Any CPU.ActiveCfg = Debug|Any CPU
		{A221E9DB-69B8-4A95-8415-0437025E4C3B}.Debug|Any CPU.Build.0 = Debug|Any CPU
		{A221E9DB-69B8-4A95-8415-0437025E4C3B}.Release|Any CPU.ActiveCfg = Release|Any CPU
		{A221E9DB-69B8-4A95-8415-0437025E4C3B}.Release|Any CPU.Build.0 = Release|Any CPU
		{426117E7-17E1-4E6A-B141-6A68E6509A12}.Debug|Any CPU.ActiveCfg = Debug|Any CPU
		{426117E7-17E1-4E6A-B141-6A68E6509A12}.Debug|Any CPU.Build.0 = Debug|Any CPU
		{426117E7-17E1-4E6A-B141-6A68E6509A12}.Release|Any CPU.ActiveCfg = Release|Any CPU
		{426117E7-17E1-4E6A-B141-6A68E6509A12}.Release|Any CPU.Build.0 = Release|Any CPU
		{CC59B684-FF14-4BCE-8275-C76AFF4690C2}.Debug|Any CPU.ActiveCfg = Debug|Any CPU
		{CC59B684-FF14-4BCE-8275-C76AFF4690C2}.Debug|Any CPU.Build.0 = Debug|Any CPU
		{CC59B684-FF14-4BCE-8275-C76AFF4690C2}.Release|Any CPU.ActiveCfg = Release|Any CPU
		{CC59B684-FF14-4BCE-8275-C76AFF4690C2}.Release|Any CPU.Build.0 = Release|Any CPU
		{F6ACE2AB-6D97-4A74-887B-90BA47D39F83}.Debug|Any CPU.ActiveCfg = Debug|Any CPU
		{F6ACE2AB-6D97-4A74-887B-90BA47D39F83}.Debug|Any CPU.Build.0 = Debug|Any CPU
		{F6ACE2AB-6D97-4A74-887B-90BA47D39F83}.Release|Any CPU.ActiveCfg = Release|Any CPU
		{F6ACE2AB-6D97-4A74-887B-90BA47D39F83}.Release|Any CPU.Build.0 = Release|Any CPU
		{83DD4D58-2F87-4976-BFC0-F0B3B5528737}.Debug|Any CPU.ActiveCfg = Debug|Any CPU
		{83DD4D58-2F87-4976-BFC0-F0B3B5528737}.Debug|Any CPU.Build.0 = Debug|Any CPU
		{83DD4D58-2F87-4976-BFC0-F0B3B5528737}.Release|Any CPU.ActiveCfg = Release|Any CPU
		{83DD4D58-2F87-4976-BFC0-F0B3B5528737}.Release|Any CPU.Build.0 = Release|Any CPU
		{237A55F0-9C6C-4D53-9837-73DEA5EDE192}.Debug|Any CPU.ActiveCfg = Debug|Any CPU
		{237A55F0-9C6C-4D53-9837-73DEA5EDE192}.Debug|Any CPU.Build.0 = Debug|Any CPU
		{237A55F0-9C6C-4D53-9837-73DEA5EDE192}.Release|Any CPU.ActiveCfg = Release|Any CPU
		{237A55F0-9C6C-4D53-9837-73DEA5EDE192}.Release|Any CPU.Build.0 = Release|Any CPU
		{265E6BAF-E085-4227-872F-FA5C911C0282}.Debug|Any CPU.ActiveCfg = Debug|Any CPU
		{265E6BAF-E085-4227-872F-FA5C911C0282}.Debug|Any CPU.Build.0 = Debug|Any CPU
		{265E6BAF-E085-4227-872F-FA5C911C0282}.Release|Any CPU.ActiveCfg = Release|Any CPU
		{265E6BAF-E085-4227-872F-FA5C911C0282}.Release|Any CPU.Build.0 = Release|Any CPU
		{7D5EEA94-0457-4413-9251-EA8A26864931}.Debug|Any CPU.ActiveCfg = Debug|Any CPU
		{7D5EEA94-0457-4413-9251-EA8A26864931}.Debug|Any CPU.Build.0 = Debug|Any CPU
		{7D5EEA94-0457-4413-9251-EA8A26864931}.Release|Any CPU.ActiveCfg = Release|Any CPU
		{7D5EEA94-0457-4413-9251-EA8A26864931}.Release|Any CPU.Build.0 = Release|Any CPU
		{5CEEBBCA-4E14-41B8-BCFF-CF7E4D3EDC84}.Debug|Any CPU.ActiveCfg = Debug|Any CPU
		{5CEEBBCA-4E14-41B8-BCFF-CF7E4D3EDC84}.Debug|Any CPU.Build.0 = Debug|Any CPU
		{5CEEBBCA-4E14-41B8-BCFF-CF7E4D3EDC84}.Release|Any CPU.ActiveCfg = Release|Any CPU
		{5CEEBBCA-4E14-41B8-BCFF-CF7E4D3EDC84}.Release|Any CPU.Build.0 = Release|Any CPU
		{F370167E-B46A-4B3C-B451-15B1124AD941}.Debug|Any CPU.ActiveCfg = Debug|Any CPU
		{F370167E-B46A-4B3C-B451-15B1124AD941}.Debug|Any CPU.Build.0 = Debug|Any CPU
		{F370167E-B46A-4B3C-B451-15B1124AD941}.Release|Any CPU.ActiveCfg = Release|Any CPU
		{F370167E-B46A-4B3C-B451-15B1124AD941}.Release|Any CPU.Build.0 = Release|Any CPU
		{7045CA25-007E-4EE2-A5A6-6835AA647974}.Debug|Any CPU.ActiveCfg = Debug|Any CPU
		{7045CA25-007E-4EE2-A5A6-6835AA647974}.Debug|Any CPU.Build.0 = Debug|Any CPU
		{7045CA25-007E-4EE2-A5A6-6835AA647974}.Release|Any CPU.ActiveCfg = Release|Any CPU
		{7045CA25-007E-4EE2-A5A6-6835AA647974}.Release|Any CPU.Build.0 = Release|Any CPU
		{E6F1411B-810B-478C-B0EF-DBC1553F9C14}.Debug|Any CPU.ActiveCfg = Debug|Any CPU
		{E6F1411B-810B-478C-B0EF-DBC1553F9C14}.Debug|Any CPU.Build.0 = Debug|Any CPU
		{E6F1411B-810B-478C-B0EF-DBC1553F9C14}.Release|Any CPU.ActiveCfg = Release|Any CPU
		{E6F1411B-810B-478C-B0EF-DBC1553F9C14}.Release|Any CPU.Build.0 = Release|Any CPU
		{9A07DD25-0820-493C-9689-91735011607D}.Debug|Any CPU.ActiveCfg = Debug|Any CPU
		{9A07DD25-0820-493C-9689-91735011607D}.Debug|Any CPU.Build.0 = Debug|Any CPU
		{9A07DD25-0820-493C-9689-91735011607D}.Release|Any CPU.ActiveCfg = Release|Any CPU
		{9A07DD25-0820-493C-9689-91735011607D}.Release|Any CPU.Build.0 = Release|Any CPU
	EndGlobalSection
	GlobalSection(SolutionProperties) = preSolution
		HideSolutionNode = FALSE
	EndGlobalSection
	GlobalSection(NestedProjects) = preSolution
		{A221E9DB-69B8-4A95-8415-0437025E4C3B} = {A24F01DC-A2CC-405C-ADF1-F0CB82D74E29}
		{426117E7-17E1-4E6A-B141-6A68E6509A12} = {A24F01DC-A2CC-405C-ADF1-F0CB82D74E29}
		{CC59B684-FF14-4BCE-8275-C76AFF4690C2} = {F92446F6-5FB3-4872-8A1C-300E435C09B4}
		{F6ACE2AB-6D97-4A74-887B-90BA47D39F83} = {F92446F6-5FB3-4872-8A1C-300E435C09B4}
		{83DD4D58-2F87-4976-BFC0-F0B3B5528737} = {E5507DED-423C-4521-9E6D-A059812EC7CE}
		{237A55F0-9C6C-4D53-9837-73DEA5EDE192} = {E5507DED-423C-4521-9E6D-A059812EC7CE}
		{265E6BAF-E085-4227-872F-FA5C911C0282} = {E5507DED-423C-4521-9E6D-A059812EC7CE}
		{7D5EEA94-0457-4413-9251-EA8A26864931} = {E5507DED-423C-4521-9E6D-A059812EC7CE}
		{5CEEBBCA-4E14-41B8-BCFF-CF7E4D3EDC84} = {E5507DED-423C-4521-9E6D-A059812EC7CE}
		{F370167E-B46A-4B3C-B451-15B1124AD941} = {E5507DED-423C-4521-9E6D-A059812EC7CE}
		{7045CA25-007E-4EE2-A5A6-6835AA647974} = {E5507DED-423C-4521-9E6D-A059812EC7CE}
		{E6F1411B-810B-478C-B0EF-DBC1553F9C14} = {E5507DED-423C-4521-9E6D-A059812EC7CE}
		{9A07DD25-0820-493C-9689-91735011607D} = {F92446F6-5FB3-4872-8A1C-300E435C09B4}
	EndGlobalSection
	GlobalSection(ExtensibilityGlobals) = postSolution
		SolutionGuid = {685B1C7B-6F37-4CDA-9B91-02B100EA7248}
	EndGlobalSection
EndGlobal
