
Microsoft Visual Studio Solution File, Format Version 12.00
# Visual Studio Version 17
VisualStudioVersion = 17.11.35312.102
MinimumVisualStudioVersion = 10.0.40219.1
Project("{9A19103F-16F7-4668-BE54-9A1E7A4F7556}") = "Omi.Fix.Fixml", "Omi.Fix.Fixml\Omi.Fix.Fixml\Omi.Fix.Fixml.csproj", "{C799E6A5-2DD7-4463-93B9-B24D0EB3AB9C}"
EndProject
Project("{2150E333-8FDC-42A3-9474-1A3956D46DE8}") = "Fixml", "Fixml", "{B875BBA2-64A8-45FD-A069-EA893FC8E87F}"
EndProject
Project("{2150E333-8FDC-42A3-9474-1A3956D46DE8}") = "Sbe", "Sbe", "{BB0A72D6-BDAD-4CD7-9F42-1E45EF4FFC8E}"
EndProject
Project("{9A19103F-16F7-4668-BE54-9A1E7A4F7556}") = "Omi.Fix.Sbe", "Omi.Fix.Sbe\Omi.Fix.Sbe\Omi.Fix.Sbe.csproj", "{9555888B-59B9-4EBB-9FAC-9699C31966CD}"
EndProject
Project("{2150E333-8FDC-42A3-9474-1A3956D46DE8}") = "Intermediate", "Intermediate", "{4BAADBE2-DB98-46FB-AB07-DB48B7447E6B}"
EndProject
Project("{9A19103F-16F7-4668-BE54-9A1E7A4F7556}") = "Omi.Fix.Specification", "Omi.Fix.Specification\Omi.Fix.Specification\Omi.Fix.Specification.csproj", "{7E2B5688-3207-43CC-A96D-A494C74F1979}"
EndProject
Project("{9A19103F-16F7-4668-BE54-9A1E7A4F7556}") = "Omi.Fix.Specification.Example", "Omi.Fix.Specification\Omi.Fix.Specification.Example\Omi.Fix.Specification.Example.csproj", "{73BAD7DB-9398-47B7-9173-E7B7A6B46D27}"
EndProject
Project("{9A19103F-16F7-4668-BE54-9A1E7A4F7556}") = "Omi.Fix.Specification.Test", "Omi.Fix.Specification\Omi.Fix.Specification.Test\Omi.Fix.Specification.Test.csproj", "{FFDC900C-CAC3-4A83-906D-D6EF3D93F09A}"
EndProject
Project("{2150E333-8FDC-42A3-9474-1A3956D46DE8}") = "Types", "Types", "{86EC10BC-D105-48A0-A476-C13EF7539758}"
EndProject
Project("{9A19103F-16F7-4668-BE54-9A1E7A4F7556}") = "Omi.Fix.Types", "Omi.Fix.Types\Omi.Fix.Types\Omi.Fix.Types.csproj", "{4F522CE4-C8FE-46B4-A50D-D751E8CD615B}"
EndProject
Project("{9A19103F-16F7-4668-BE54-9A1E7A4F7556}") = "Example.Types", "Omi.Fix.Types\Example.Types\Example.Types.csproj", "{984F9495-7D04-421D-9403-A69814CC1A37}"
EndProject
Project("{9A19103F-16F7-4668-BE54-9A1E7A4F7556}") = "Omi.Fix.Types.Test", "Omi.Fix.Types\Omi.Fix.Types.Test\Omi.Fix.Types.Test.csproj", "{0C071D1C-4ACB-45B9-B644-7ADF5840B3F7}"
EndProject
Project("{2150E333-8FDC-42A3-9474-1A3956D46DE8}") = "Text", "Text", "{9196F515-AE30-44CF-9A18-FD837D58670A}"
EndProject
Project("{9A19103F-16F7-4668-BE54-9A1E7A4F7556}") = "Omi.Fix.Txt", "Omi.Fix.Txt\Omi.Fix.Txt\Omi.Fix.Txt.csproj", "{CF4E7D4B-E069-4923-A248-92DDB952AA10}"
EndProject
Project("{2150E333-8FDC-42A3-9474-1A3956D46DE8}") = "T7", "T7", "{3F41DD9D-5566-4029-AE76-1B2CA30EB4FB}"
EndProject
Project("{9A19103F-16F7-4668-BE54-9A1E7A4F7556}") = "Omi.Fix.T7", "Omi.Fix.T7\Omi.Fix.T7\Omi.Fix.T7.csproj", "{ECB22873-31D8-4E3D-892F-2426F7735F3F}"
EndProject
Project("{9A19103F-16F7-4668-BE54-9A1E7A4F7556}") = "Omi.Fix.Fixml.Example", "Omi.Fix.Fixml\Omi.Fix.Fixml.Example\Omi.Fix.Fixml.Example.csproj", "{F849DB75-A09C-499F-B68F-553A25B5BD22}"
EndProject
Project("{9A19103F-16F7-4668-BE54-9A1E7A4F7556}") = "Omi.Fix.Fixml.Tests", "Omi.Fix.Fixml\Omi.Fix.Fixml.Tests\Omi.Fix.Fixml.Tests.csproj", "{AF2EF532-4256-4612-A83B-5C0CC0F0F82F}"
EndProject
Project("{9A19103F-16F7-4668-BE54-9A1E7A4F7556}") = "Omi.Fix.Sbe.Tests", "Omi.Fix.Sbe\Omi.Fix.Sbe.Tests\Omi.Fix.Sbe.Tests.csproj", "{B4558E2D-F8E5-4F5F-B7EB-982BE959B3A9}"
EndProject
Project("{9A19103F-16F7-4668-BE54-9A1E7A4F7556}") = "Omi.Fix.Sbe.Example", "Omi.Fix.Sbe\Omi.Fix.Sbe.Example\Omi.Fix.Sbe.Example.csproj", "{AE829F86-FAA9-49F0-AACE-60691C1B6B04}"
EndProject
Project("{2150E333-8FDC-42A3-9474-1A3956D46DE8}") = "Formats", "Formats", "{D3BBC6D9-CA9E-47CF-8E74-B050B7C82D33}"
EndProject
Project("{2150E333-8FDC-42A3-9474-1A3956D46DE8}") = "Generators", "Generators", "{D0810AA2-715C-451D-8D8B-171F4DB96D6C}"
EndProject
Project("{9A19103F-16F7-4668-BE54-9A1E7A4F7556}") = "Omi.Fix.CSharp", "Omi.Fix.CSharp\Omi.Fix.CSharp.csproj", "{32A3FAD5-DECF-4E04-9C17-65CD3B2F6B99}"
EndProject
Project("{9A19103F-16F7-4668-BE54-9A1E7A4F7556}") = "Omi.Fix.T7.Example", "Omi.Fix.T7\Omi.Fix.T7.Example\Omi.Fix.T7.Example.csproj", "{B8341ACC-DBA7-4DEB-A204-3829AA3574A8}"
EndProject
Project("{9A19103F-16F7-4668-BE54-9A1E7A4F7556}") = "Omi.Fix.T7.Tests", "Omi.Fix.T7\Omi.Fix.T7.Tests\Omi.Fix.T7.Tests.csproj", "{62A80818-14CC-DCD9-80EA-99B48D3D02CD}"
EndProject
Project("{9A19103F-16F7-4668-BE54-9A1E7A4F7556}") = "Omi.Fix.Txt.Example", "Omi.Fix.Txt\Omi.Fix.Txt.Example\Omi.Fix.Txt.Example.csproj", "{B0AA69FE-5483-435A-98A0-C5DD2C7ADB4A}"
EndProject
Project("{9A19103F-16F7-4668-BE54-9A1E7A4F7556}") = "Omi.Fix.Txt.Tests", "Omi.Fix.Txt\Omi.Fix.Txt.Tests\Omi.Fix.Txt.Tests.csproj", "{40B218A2-8629-432A-811F-898AE5B095C1}"
EndProject
Global
	GlobalSection(SolutionConfigurationPlatforms) = preSolution
		Debug|Any CPU = Debug|Any CPU
		Debug|x64 = Debug|x64
		Debug|x86 = Debug|x86
		Release|Any CPU = Release|Any CPU
		Release|x64 = Release|x64
		Release|x86 = Release|x86
	EndGlobalSection
	GlobalSection(ProjectConfigurationPlatforms) = postSolution
		{C799E6A5-2DD7-4463-93B9-B24D0EB3AB9C}.Debug|Any CPU.ActiveCfg = Debug|Any CPU
		{C799E6A5-2DD7-4463-93B9-B24D0EB3AB9C}.Debug|Any CPU.Build.0 = Debug|Any CPU
		{C799E6A5-2DD7-4463-93B9-B24D0EB3AB9C}.Debug|x64.ActiveCfg = Debug|Any CPU
		{C799E6A5-2DD7-4463-93B9-B24D0EB3AB9C}.Debug|x64.Build.0 = Debug|Any CPU
		{C799E6A5-2DD7-4463-93B9-B24D0EB3AB9C}.Debug|x86.ActiveCfg = Debug|Any CPU
		{C799E6A5-2DD7-4463-93B9-B24D0EB3AB9C}.Debug|x86.Build.0 = Debug|Any CPU
		{C799E6A5-2DD7-4463-93B9-B24D0EB3AB9C}.Release|Any CPU.ActiveCfg = Release|Any CPU
		{C799E6A5-2DD7-4463-93B9-B24D0EB3AB9C}.Release|Any CPU.Build.0 = Release|Any CPU
		{C799E6A5-2DD7-4463-93B9-B24D0EB3AB9C}.Release|x64.ActiveCfg = Release|Any CPU
		{C799E6A5-2DD7-4463-93B9-B24D0EB3AB9C}.Release|x64.Build.0 = Release|Any CPU
		{C799E6A5-2DD7-4463-93B9-B24D0EB3AB9C}.Release|x86.ActiveCfg = Release|Any CPU
		{C799E6A5-2DD7-4463-93B9-B24D0EB3AB9C}.Release|x86.Build.0 = Release|Any CPU
		{9555888B-59B9-4EBB-9FAC-9699C31966CD}.Debug|Any CPU.ActiveCfg = Debug|Any CPU
		{9555888B-59B9-4EBB-9FAC-9699C31966CD}.Debug|Any CPU.Build.0 = Debug|Any CPU
		{9555888B-59B9-4EBB-9FAC-9699C31966CD}.Debug|x64.ActiveCfg = Debug|Any CPU
		{9555888B-59B9-4EBB-9FAC-9699C31966CD}.Debug|x64.Build.0 = Debug|Any CPU
		{9555888B-59B9-4EBB-9FAC-9699C31966CD}.Debug|x86.ActiveCfg = Debug|Any CPU
		{9555888B-59B9-4EBB-9FAC-9699C31966CD}.Debug|x86.Build.0 = Debug|Any CPU
		{9555888B-59B9-4EBB-9FAC-9699C31966CD}.Release|Any CPU.ActiveCfg = Release|Any CPU
		{9555888B-59B9-4EBB-9FAC-9699C31966CD}.Release|Any CPU.Build.0 = Release|Any CPU
		{9555888B-59B9-4EBB-9FAC-9699C31966CD}.Release|x64.ActiveCfg = Release|Any CPU
		{9555888B-59B9-4EBB-9FAC-9699C31966CD}.Release|x64.Build.0 = Release|Any CPU
		{9555888B-59B9-4EBB-9FAC-9699C31966CD}.Release|x86.ActiveCfg = Release|Any CPU
		{9555888B-59B9-4EBB-9FAC-9699C31966CD}.Release|x86.Build.0 = Release|Any CPU
		{7E2B5688-3207-43CC-A96D-A494C74F1979}.Debug|Any CPU.ActiveCfg = Debug|Any CPU
		{7E2B5688-3207-43CC-A96D-A494C74F1979}.Debug|Any CPU.Build.0 = Debug|Any CPU
		{7E2B5688-3207-43CC-A96D-A494C74F1979}.Debug|x64.ActiveCfg = Debug|Any CPU
		{7E2B5688-3207-43CC-A96D-A494C74F1979}.Debug|x64.Build.0 = Debug|Any CPU
		{7E2B5688-3207-43CC-A96D-A494C74F1979}.Debug|x86.ActiveCfg = Debug|Any CPU
		{7E2B5688-3207-43CC-A96D-A494C74F1979}.Debug|x86.Build.0 = Debug|Any CPU
		{7E2B5688-3207-43CC-A96D-A494C74F1979}.Release|Any CPU.ActiveCfg = Release|Any CPU
		{7E2B5688-3207-43CC-A96D-A494C74F1979}.Release|Any CPU.Build.0 = Release|Any CPU
		{7E2B5688-3207-43CC-A96D-A494C74F1979}.Release|x64.ActiveCfg = Release|Any CPU
		{7E2B5688-3207-43CC-A96D-A494C74F1979}.Release|x64.Build.0 = Release|Any CPU
		{7E2B5688-3207-43CC-A96D-A494C74F1979}.Release|x86.ActiveCfg = Release|Any CPU
		{7E2B5688-3207-43CC-A96D-A494C74F1979}.Release|x86.Build.0 = Release|Any CPU
		{73BAD7DB-9398-47B7-9173-E7B7A6B46D27}.Debug|Any CPU.ActiveCfg = Debug|Any CPU
		{73BAD7DB-9398-47B7-9173-E7B7A6B46D27}.Debug|Any CPU.Build.0 = Debug|Any CPU
		{73BAD7DB-9398-47B7-9173-E7B7A6B46D27}.Debug|x64.ActiveCfg = Debug|Any CPU
		{73BAD7DB-9398-47B7-9173-E7B7A6B46D27}.Debug|x64.Build.0 = Debug|Any CPU
		{73BAD7DB-9398-47B7-9173-E7B7A6B46D27}.Debug|x86.ActiveCfg = Debug|Any CPU
		{73BAD7DB-9398-47B7-9173-E7B7A6B46D27}.Debug|x86.Build.0 = Debug|Any CPU
		{73BAD7DB-9398-47B7-9173-E7B7A6B46D27}.Release|Any CPU.ActiveCfg = Release|Any CPU
		{73BAD7DB-9398-47B7-9173-E7B7A6B46D27}.Release|Any CPU.Build.0 = Release|Any CPU
		{73BAD7DB-9398-47B7-9173-E7B7A6B46D27}.Release|x64.ActiveCfg = Release|Any CPU
		{73BAD7DB-9398-47B7-9173-E7B7A6B46D27}.Release|x64.Build.0 = Release|Any CPU
		{73BAD7DB-9398-47B7-9173-E7B7A6B46D27}.Release|x86.ActiveCfg = Release|Any CPU
		{73BAD7DB-9398-47B7-9173-E7B7A6B46D27}.Release|x86.Build.0 = Release|Any CPU
		{FFDC900C-CAC3-4A83-906D-D6EF3D93F09A}.Debug|Any CPU.ActiveCfg = Debug|Any CPU
		{FFDC900C-CAC3-4A83-906D-D6EF3D93F09A}.Debug|Any CPU.Build.0 = Debug|Any CPU
		{FFDC900C-CAC3-4A83-906D-D6EF3D93F09A}.Debug|x64.ActiveCfg = Debug|Any CPU
		{FFDC900C-CAC3-4A83-906D-D6EF3D93F09A}.Debug|x64.Build.0 = Debug|Any CPU
		{FFDC900C-CAC3-4A83-906D-D6EF3D93F09A}.Debug|x86.ActiveCfg = Debug|Any CPU
		{FFDC900C-CAC3-4A83-906D-D6EF3D93F09A}.Debug|x86.Build.0 = Debug|Any CPU
		{FFDC900C-CAC3-4A83-906D-D6EF3D93F09A}.Release|Any CPU.ActiveCfg = Release|Any CPU
		{FFDC900C-CAC3-4A83-906D-D6EF3D93F09A}.Release|Any CPU.Build.0 = Release|Any CPU
		{FFDC900C-CAC3-4A83-906D-D6EF3D93F09A}.Release|x64.ActiveCfg = Release|Any CPU
		{FFDC900C-CAC3-4A83-906D-D6EF3D93F09A}.Release|x64.Build.0 = Release|Any CPU
		{FFDC900C-CAC3-4A83-906D-D6EF3D93F09A}.Release|x86.ActiveCfg = Release|Any CPU
		{FFDC900C-CAC3-4A83-906D-D6EF3D93F09A}.Release|x86.Build.0 = Release|Any CPU
		{4F522CE4-C8FE-46B4-A50D-D751E8CD615B}.Debug|Any CPU.ActiveCfg = Debug|Any CPU
		{4F522CE4-C8FE-46B4-A50D-D751E8CD615B}.Debug|Any CPU.Build.0 = Debug|Any CPU
		{4F522CE4-C8FE-46B4-A50D-D751E8CD615B}.Debug|x64.ActiveCfg = Debug|Any CPU
		{4F522CE4-C8FE-46B4-A50D-D751E8CD615B}.Debug|x64.Build.0 = Debug|Any CPU
		{4F522CE4-C8FE-46B4-A50D-D751E8CD615B}.Debug|x86.ActiveCfg = Debug|Any CPU
		{4F522CE4-C8FE-46B4-A50D-D751E8CD615B}.Debug|x86.Build.0 = Debug|Any CPU
		{4F522CE4-C8FE-46B4-A50D-D751E8CD615B}.Release|Any CPU.ActiveCfg = Release|Any CPU
		{4F522CE4-C8FE-46B4-A50D-D751E8CD615B}.Release|Any CPU.Build.0 = Release|Any CPU
		{4F522CE4-C8FE-46B4-A50D-D751E8CD615B}.Release|x64.ActiveCfg = Release|Any CPU
		{4F522CE4-C8FE-46B4-A50D-D751E8CD615B}.Release|x64.Build.0 = Release|Any CPU
		{4F522CE4-C8FE-46B4-A50D-D751E8CD615B}.Release|x86.ActiveCfg = Release|Any CPU
		{4F522CE4-C8FE-46B4-A50D-D751E8CD615B}.Release|x86.Build.0 = Release|Any CPU
		{984F9495-7D04-421D-9403-A69814CC1A37}.Debug|Any CPU.ActiveCfg = Debug|Any CPU
		{984F9495-7D04-421D-9403-A69814CC1A37}.Debug|Any CPU.Build.0 = Debug|Any CPU
		{984F9495-7D04-421D-9403-A69814CC1A37}.Debug|x64.ActiveCfg = Debug|Any CPU
		{984F9495-7D04-421D-9403-A69814CC1A37}.Debug|x64.Build.0 = Debug|Any CPU
		{984F9495-7D04-421D-9403-A69814CC1A37}.Debug|x86.ActiveCfg = Debug|Any CPU
		{984F9495-7D04-421D-9403-A69814CC1A37}.Debug|x86.Build.0 = Debug|Any CPU
		{984F9495-7D04-421D-9403-A69814CC1A37}.Release|Any CPU.ActiveCfg = Release|Any CPU
		{984F9495-7D04-421D-9403-A69814CC1A37}.Release|Any CPU.Build.0 = Release|Any CPU
		{984F9495-7D04-421D-9403-A69814CC1A37}.Release|x64.ActiveCfg = Release|Any CPU
		{984F9495-7D04-421D-9403-A69814CC1A37}.Release|x64.Build.0 = Release|Any CPU
		{984F9495-7D04-421D-9403-A69814CC1A37}.Release|x86.ActiveCfg = Release|Any CPU
		{984F9495-7D04-421D-9403-A69814CC1A37}.Release|x86.Build.0 = Release|Any CPU
		{0C071D1C-4ACB-45B9-B644-7ADF5840B3F7}.Debug|Any CPU.ActiveCfg = Debug|Any CPU
		{0C071D1C-4ACB-45B9-B644-7ADF5840B3F7}.Debug|Any CPU.Build.0 = Debug|Any CPU
		{0C071D1C-4ACB-45B9-B644-7ADF5840B3F7}.Debug|x64.ActiveCfg = Debug|Any CPU
		{0C071D1C-4ACB-45B9-B644-7ADF5840B3F7}.Debug|x64.Build.0 = Debug|Any CPU
		{0C071D1C-4ACB-45B9-B644-7ADF5840B3F7}.Debug|x86.ActiveCfg = Debug|Any CPU
		{0C071D1C-4ACB-45B9-B644-7ADF5840B3F7}.Debug|x86.Build.0 = Debug|Any CPU
		{0C071D1C-4ACB-45B9-B644-7ADF5840B3F7}.Release|Any CPU.ActiveCfg = Release|Any CPU
		{0C071D1C-4ACB-45B9-B644-7ADF5840B3F7}.Release|Any CPU.Build.0 = Release|Any CPU
		{0C071D1C-4ACB-45B9-B644-7ADF5840B3F7}.Release|x64.ActiveCfg = Release|Any CPU
		{0C071D1C-4ACB-45B9-B644-7ADF5840B3F7}.Release|x64.Build.0 = Release|Any CPU
		{0C071D1C-4ACB-45B9-B644-7ADF5840B3F7}.Release|x86.ActiveCfg = Release|Any CPU
		{0C071D1C-4ACB-45B9-B644-7ADF5840B3F7}.Release|x86.Build.0 = Release|Any CPU
		{CF4E7D4B-E069-4923-A248-92DDB952AA10}.Debug|Any CPU.ActiveCfg = Debug|Any CPU
		{CF4E7D4B-E069-4923-A248-92DDB952AA10}.Debug|Any CPU.Build.0 = Debug|Any CPU
		{CF4E7D4B-E069-4923-A248-92DDB952AA10}.Debug|x64.ActiveCfg = Debug|Any CPU
		{CF4E7D4B-E069-4923-A248-92DDB952AA10}.Debug|x64.Build.0 = Debug|Any CPU
		{CF4E7D4B-E069-4923-A248-92DDB952AA10}.Debug|x86.ActiveCfg = Debug|Any CPU
		{CF4E7D4B-E069-4923-A248-92DDB952AA10}.Debug|x86.Build.0 = Debug|Any CPU
		{CF4E7D4B-E069-4923-A248-92DDB952AA10}.Release|Any CPU.ActiveCfg = Release|Any CPU
		{CF4E7D4B-E069-4923-A248-92DDB952AA10}.Release|Any CPU.Build.0 = Release|Any CPU
		{CF4E7D4B-E069-4923-A248-92DDB952AA10}.Release|x64.ActiveCfg = Release|Any CPU
		{CF4E7D4B-E069-4923-A248-92DDB952AA10}.Release|x64.Build.0 = Release|Any CPU
		{CF4E7D4B-E069-4923-A248-92DDB952AA10}.Release|x86.ActiveCfg = Release|Any CPU
		{CF4E7D4B-E069-4923-A248-92DDB952AA10}.Release|x86.Build.0 = Release|Any CPU
		{ECB22873-31D8-4E3D-892F-2426F7735F3F}.Debug|Any CPU.ActiveCfg = Debug|Any CPU
		{ECB22873-31D8-4E3D-892F-2426F7735F3F}.Debug|Any CPU.Build.0 = Debug|Any CPU
		{ECB22873-31D8-4E3D-892F-2426F7735F3F}.Debug|x64.ActiveCfg = Debug|Any CPU
		{ECB22873-31D8-4E3D-892F-2426F7735F3F}.Debug|x64.Build.0 = Debug|Any CPU
		{ECB22873-31D8-4E3D-892F-2426F7735F3F}.Debug|x86.ActiveCfg = Debug|Any CPU
		{ECB22873-31D8-4E3D-892F-2426F7735F3F}.Debug|x86.Build.0 = Debug|Any CPU
		{ECB22873-31D8-4E3D-892F-2426F7735F3F}.Release|Any CPU.ActiveCfg = Release|Any CPU
		{ECB22873-31D8-4E3D-892F-2426F7735F3F}.Release|Any CPU.Build.0 = Release|Any CPU
		{ECB22873-31D8-4E3D-892F-2426F7735F3F}.Release|x64.ActiveCfg = Release|Any CPU
		{ECB22873-31D8-4E3D-892F-2426F7735F3F}.Release|x64.Build.0 = Release|Any CPU
		{ECB22873-31D8-4E3D-892F-2426F7735F3F}.Release|x86.ActiveCfg = Release|Any CPU
		{ECB22873-31D8-4E3D-892F-2426F7735F3F}.Release|x86.Build.0 = Release|Any CPU
		{F849DB75-A09C-499F-B68F-553A25B5BD22}.Debug|Any CPU.ActiveCfg = Debug|Any CPU
		{F849DB75-A09C-499F-B68F-553A25B5BD22}.Debug|Any CPU.Build.0 = Debug|Any CPU
		{F849DB75-A09C-499F-B68F-553A25B5BD22}.Debug|x64.ActiveCfg = Debug|Any CPU
		{F849DB75-A09C-499F-B68F-553A25B5BD22}.Debug|x64.Build.0 = Debug|Any CPU
		{F849DB75-A09C-499F-B68F-553A25B5BD22}.Debug|x86.ActiveCfg = Debug|Any CPU
		{F849DB75-A09C-499F-B68F-553A25B5BD22}.Debug|x86.Build.0 = Debug|Any CPU
		{F849DB75-A09C-499F-B68F-553A25B5BD22}.Release|Any CPU.ActiveCfg = Release|Any CPU
		{F849DB75-A09C-499F-B68F-553A25B5BD22}.Release|Any CPU.Build.0 = Release|Any CPU
		{F849DB75-A09C-499F-B68F-553A25B5BD22}.Release|x64.ActiveCfg = Release|Any CPU
		{F849DB75-A09C-499F-B68F-553A25B5BD22}.Release|x64.Build.0 = Release|Any CPU
		{F849DB75-A09C-499F-B68F-553A25B5BD22}.Release|x86.ActiveCfg = Release|Any CPU
		{F849DB75-A09C-499F-B68F-553A25B5BD22}.Release|x86.Build.0 = Release|Any CPU
		{AF2EF532-4256-4612-A83B-5C0CC0F0F82F}.Debug|Any CPU.ActiveCfg = Debug|Any CPU
		{AF2EF532-4256-4612-A83B-5C0CC0F0F82F}.Debug|Any CPU.Build.0 = Debug|Any CPU
		{AF2EF532-4256-4612-A83B-5C0CC0F0F82F}.Debug|x64.ActiveCfg = Debug|Any CPU
		{AF2EF532-4256-4612-A83B-5C0CC0F0F82F}.Debug|x64.Build.0 = Debug|Any CPU
		{AF2EF532-4256-4612-A83B-5C0CC0F0F82F}.Debug|x86.ActiveCfg = Debug|Any CPU
		{AF2EF532-4256-4612-A83B-5C0CC0F0F82F}.Debug|x86.Build.0 = Debug|Any CPU
		{AF2EF532-4256-4612-A83B-5C0CC0F0F82F}.Release|Any CPU.ActiveCfg = Release|Any CPU
		{AF2EF532-4256-4612-A83B-5C0CC0F0F82F}.Release|Any CPU.Build.0 = Release|Any CPU
		{AF2EF532-4256-4612-A83B-5C0CC0F0F82F}.Release|x64.ActiveCfg = Release|Any CPU
		{AF2EF532-4256-4612-A83B-5C0CC0F0F82F}.Release|x64.Build.0 = Release|Any CPU
		{AF2EF532-4256-4612-A83B-5C0CC0F0F82F}.Release|x86.ActiveCfg = Release|Any CPU
		{AF2EF532-4256-4612-A83B-5C0CC0F0F82F}.Release|x86.Build.0 = Release|Any CPU
		{B4558E2D-F8E5-4F5F-B7EB-982BE959B3A9}.Debug|Any CPU.ActiveCfg = Debug|Any CPU
		{B4558E2D-F8E5-4F5F-B7EB-982BE959B3A9}.Debug|Any CPU.Build.0 = Debug|Any CPU
		{B4558E2D-F8E5-4F5F-B7EB-982BE959B3A9}.Debug|x64.ActiveCfg = Debug|Any CPU
		{B4558E2D-F8E5-4F5F-B7EB-982BE959B3A9}.Debug|x64.Build.0 = Debug|Any CPU
		{B4558E2D-F8E5-4F5F-B7EB-982BE959B3A9}.Debug|x86.ActiveCfg = Debug|Any CPU
		{B4558E2D-F8E5-4F5F-B7EB-982BE959B3A9}.Debug|x86.Build.0 = Debug|Any CPU
		{B4558E2D-F8E5-4F5F-B7EB-982BE959B3A9}.Release|Any CPU.ActiveCfg = Release|Any CPU
		{B4558E2D-F8E5-4F5F-B7EB-982BE959B3A9}.Release|Any CPU.Build.0 = Release|Any CPU
		{B4558E2D-F8E5-4F5F-B7EB-982BE959B3A9}.Release|x64.ActiveCfg = Release|Any CPU
		{B4558E2D-F8E5-4F5F-B7EB-982BE959B3A9}.Release|x64.Build.0 = Release|Any CPU
		{B4558E2D-F8E5-4F5F-B7EB-982BE959B3A9}.Release|x86.ActiveCfg = Release|Any CPU
		{B4558E2D-F8E5-4F5F-B7EB-982BE959B3A9}.Release|x86.Build.0 = Release|Any CPU
		{AE829F86-FAA9-49F0-AACE-60691C1B6B04}.Debug|Any CPU.ActiveCfg = Debug|Any CPU
		{AE829F86-FAA9-49F0-AACE-60691C1B6B04}.Debug|Any CPU.Build.0 = Debug|Any CPU
		{AE829F86-FAA9-49F0-AACE-60691C1B6B04}.Debug|x64.ActiveCfg = Debug|Any CPU
		{AE829F86-FAA9-49F0-AACE-60691C1B6B04}.Debug|x64.Build.0 = Debug|Any CPU
		{AE829F86-FAA9-49F0-AACE-60691C1B6B04}.Debug|x86.ActiveCfg = Debug|Any CPU
		{AE829F86-FAA9-49F0-AACE-60691C1B6B04}.Debug|x86.Build.0 = Debug|Any CPU
		{AE829F86-FAA9-49F0-AACE-60691C1B6B04}.Release|Any CPU.ActiveCfg = Release|Any CPU
		{AE829F86-FAA9-49F0-AACE-60691C1B6B04}.Release|Any CPU.Build.0 = Release|Any CPU
		{AE829F86-FAA9-49F0-AACE-60691C1B6B04}.Release|x64.ActiveCfg = Release|Any CPU
		{AE829F86-FAA9-49F0-AACE-60691C1B6B04}.Release|x64.Build.0 = Release|Any CPU
		{AE829F86-FAA9-49F0-AACE-60691C1B6B04}.Release|x86.ActiveCfg = Release|Any CPU
		{AE829F86-FAA9-49F0-AACE-60691C1B6B04}.Release|x86.Build.0 = Release|Any CPU
		{32A3FAD5-DECF-4E04-9C17-65CD3B2F6B99}.Debug|Any CPU.ActiveCfg = Debug|Any CPU
		{32A3FAD5-DECF-4E04-9C17-65CD3B2F6B99}.Debug|Any CPU.Build.0 = Debug|Any CPU
		{32A3FAD5-DECF-4E04-9C17-65CD3B2F6B99}.Debug|x64.ActiveCfg = Debug|Any CPU
		{32A3FAD5-DECF-4E04-9C17-65CD3B2F6B99}.Debug|x64.Build.0 = Debug|Any CPU
		{32A3FAD5-DECF-4E04-9C17-65CD3B2F6B99}.Debug|x86.ActiveCfg = Debug|Any CPU
		{32A3FAD5-DECF-4E04-9C17-65CD3B2F6B99}.Debug|x86.Build.0 = Debug|Any CPU
		{32A3FAD5-DECF-4E04-9C17-65CD3B2F6B99}.Release|Any CPU.ActiveCfg = Release|Any CPU
		{32A3FAD5-DECF-4E04-9C17-65CD3B2F6B99}.Release|Any CPU.Build.0 = Release|Any CPU
		{32A3FAD5-DECF-4E04-9C17-65CD3B2F6B99}.Release|x64.ActiveCfg = Release|Any CPU
		{32A3FAD5-DECF-4E04-9C17-65CD3B2F6B99}.Release|x64.Build.0 = Release|Any CPU
		{32A3FAD5-DECF-4E04-9C17-65CD3B2F6B99}.Release|x86.ActiveCfg = Release|Any CPU
		{32A3FAD5-DECF-4E04-9C17-65CD3B2F6B99}.Release|x86.Build.0 = Release|Any CPU
		{B8341ACC-DBA7-4DEB-A204-3829AA3574A8}.Debug|Any CPU.ActiveCfg = Debug|Any CPU
		{B8341ACC-DBA7-4DEB-A204-3829AA3574A8}.Debug|Any CPU.Build.0 = Debug|Any CPU
		{B8341ACC-DBA7-4DEB-A204-3829AA3574A8}.Debug|x64.ActiveCfg = Debug|Any CPU
		{B8341ACC-DBA7-4DEB-A204-3829AA3574A8}.Debug|x64.Build.0 = Debug|Any CPU
		{B8341ACC-DBA7-4DEB-A204-3829AA3574A8}.Debug|x86.ActiveCfg = Debug|Any CPU
		{B8341ACC-DBA7-4DEB-A204-3829AA3574A8}.Debug|x86.Build.0 = Debug|Any CPU
		{B8341ACC-DBA7-4DEB-A204-3829AA3574A8}.Release|Any CPU.ActiveCfg = Release|Any CPU
		{B8341ACC-DBA7-4DEB-A204-3829AA3574A8}.Release|Any CPU.Build.0 = Release|Any CPU
		{B8341ACC-DBA7-4DEB-A204-3829AA3574A8}.Release|x64.ActiveCfg = Release|Any CPU
		{B8341ACC-DBA7-4DEB-A204-3829AA3574A8}.Release|x64.Build.0 = Release|Any CPU
		{B8341ACC-DBA7-4DEB-A204-3829AA3574A8}.Release|x86.ActiveCfg = Release|Any CPU
		{B8341ACC-DBA7-4DEB-A204-3829AA3574A8}.Release|x86.Build.0 = Release|Any CPU
		{62A80818-14CC-DCD9-80EA-99B48D3D02CD}.Debug|Any CPU.ActiveCfg = Debug|Any CPU
		{62A80818-14CC-DCD9-80EA-99B48D3D02CD}.Debug|Any CPU.Build.0 = Debug|Any CPU
		{62A80818-14CC-DCD9-80EA-99B48D3D02CD}.Debug|x64.ActiveCfg = Debug|Any CPU
		{62A80818-14CC-DCD9-80EA-99B48D3D02CD}.Debug|x64.Build.0 = Debug|Any CPU
		{62A80818-14CC-DCD9-80EA-99B48D3D02CD}.Debug|x86.ActiveCfg = Debug|Any CPU
		{62A80818-14CC-DCD9-80EA-99B48D3D02CD}.Debug|x86.Build.0 = Debug|Any CPU
		{62A80818-14CC-DCD9-80EA-99B48D3D02CD}.Release|Any CPU.ActiveCfg = Release|Any CPU
		{62A80818-14CC-DCD9-80EA-99B48D3D02CD}.Release|Any CPU.Build.0 = Release|Any CPU
		{62A80818-14CC-DCD9-80EA-99B48D3D02CD}.Release|x64.ActiveCfg = Release|Any CPU
		{62A80818-14CC-DCD9-80EA-99B48D3D02CD}.Release|x64.Build.0 = Release|Any CPU
		{62A80818-14CC-DCD9-80EA-99B48D3D02CD}.Release|x86.ActiveCfg = Release|Any CPU
		{62A80818-14CC-DCD9-80EA-99B48D3D02CD}.Release|x86.Build.0 = Release|Any CPU
		{B0AA69FE-5483-435A-98A0-C5DD2C7ADB4A}.Debug|Any CPU.ActiveCfg = Debug|Any CPU
		{B0AA69FE-5483-435A-98A0-C5DD2C7ADB4A}.Debug|Any CPU.Build.0 = Debug|Any CPU
		{B0AA69FE-5483-435A-98A0-C5DD2C7ADB4A}.Debug|x64.ActiveCfg = Debug|Any CPU
		{B0AA69FE-5483-435A-98A0-C5DD2C7ADB4A}.Debug|x64.Build.0 = Debug|Any CPU
		{B0AA69FE-5483-435A-98A0-C5DD2C7ADB4A}.Debug|x86.ActiveCfg = Debug|Any CPU
		{B0AA69FE-5483-435A-98A0-C5DD2C7ADB4A}.Debug|x86.Build.0 = Debug|Any CPU
		{B0AA69FE-5483-435A-98A0-C5DD2C7ADB4A}.Release|Any CPU.ActiveCfg = Release|Any CPU
		{B0AA69FE-5483-435A-98A0-C5DD2C7ADB4A}.Release|Any CPU.Build.0 = Release|Any CPU
		{B0AA69FE-5483-435A-98A0-C5DD2C7ADB4A}.Release|x64.ActiveCfg = Release|Any CPU
		{B0AA69FE-5483-435A-98A0-C5DD2C7ADB4A}.Release|x64.Build.0 = Release|Any CPU
		{B0AA69FE-5483-435A-98A0-C5DD2C7ADB4A}.Release|x86.ActiveCfg = Release|Any CPU
		{B0AA69FE-5483-435A-98A0-C5DD2C7ADB4A}.Release|x86.Build.0 = Release|Any CPU
		{40B218A2-8629-432A-811F-898AE5B095C1}.Debug|Any CPU.ActiveCfg = Debug|Any CPU
		{40B218A2-8629-432A-811F-898AE5B095C1}.Debug|Any CPU.Build.0 = Debug|Any CPU
		{40B218A2-8629-432A-811F-898AE5B095C1}.Debug|x64.ActiveCfg = Debug|Any CPU
		{40B218A2-8629-432A-811F-898AE5B095C1}.Debug|x64.Build.0 = Debug|Any CPU
		{40B218A2-8629-432A-811F-898AE5B095C1}.Debug|x86.ActiveCfg = Debug|Any CPU
		{40B218A2-8629-432A-811F-898AE5B095C1}.Debug|x86.Build.0 = Debug|Any CPU
		{40B218A2-8629-432A-811F-898AE5B095C1}.Release|Any CPU.ActiveCfg = Release|Any CPU
		{40B218A2-8629-432A-811F-898AE5B095C1}.Release|Any CPU.Build.0 = Release|Any CPU
		{40B218A2-8629-432A-811F-898AE5B095C1}.Release|x64.ActiveCfg = Release|Any CPU
		{40B218A2-8629-432A-811F-898AE5B095C1}.Release|x64.Build.0 = Release|Any CPU
		{40B218A2-8629-432A-811F-898AE5B095C1}.Release|x86.ActiveCfg = Release|Any CPU
		{40B218A2-8629-432A-811F-898AE5B095C1}.Release|x86.Build.0 = Release|Any CPU
	EndGlobalSection
	GlobalSection(SolutionProperties) = preSolution
		HideSolutionNode = FALSE
	EndGlobalSection
	GlobalSection(NestedProjects) = preSolution
		{C799E6A5-2DD7-4463-93B9-B24D0EB3AB9C} = {B875BBA2-64A8-45FD-A069-EA893FC8E87F}
		{B875BBA2-64A8-45FD-A069-EA893FC8E87F} = {D3BBC6D9-CA9E-47CF-8E74-B050B7C82D33}
		{BB0A72D6-BDAD-4CD7-9F42-1E45EF4FFC8E} = {D3BBC6D9-CA9E-47CF-8E74-B050B7C82D33}
		{9555888B-59B9-4EBB-9FAC-9699C31966CD} = {BB0A72D6-BDAD-4CD7-9F42-1E45EF4FFC8E}
		{7E2B5688-3207-43CC-A96D-A494C74F1979} = {4BAADBE2-DB98-46FB-AB07-DB48B7447E6B}
		{73BAD7DB-9398-47B7-9173-E7B7A6B46D27} = {4BAADBE2-DB98-46FB-AB07-DB48B7447E6B}
		{FFDC900C-CAC3-4A83-906D-D6EF3D93F09A} = {4BAADBE2-DB98-46FB-AB07-DB48B7447E6B}
		{86EC10BC-D105-48A0-A476-C13EF7539758} = {D3BBC6D9-CA9E-47CF-8E74-B050B7C82D33}
		{4F522CE4-C8FE-46B4-A50D-D751E8CD615B} = {86EC10BC-D105-48A0-A476-C13EF7539758}
		{984F9495-7D04-421D-9403-A69814CC1A37} = {86EC10BC-D105-48A0-A476-C13EF7539758}
		{0C071D1C-4ACB-45B9-B644-7ADF5840B3F7} = {86EC10BC-D105-48A0-A476-C13EF7539758}
		{9196F515-AE30-44CF-9A18-FD837D58670A} = {D3BBC6D9-CA9E-47CF-8E74-B050B7C82D33}
		{CF4E7D4B-E069-4923-A248-92DDB952AA10} = {9196F515-AE30-44CF-9A18-FD837D58670A}
		{3F41DD9D-5566-4029-AE76-1B2CA30EB4FB} = {D3BBC6D9-CA9E-47CF-8E74-B050B7C82D33}
		{ECB22873-31D8-4E3D-892F-2426F7735F3F} = {3F41DD9D-5566-4029-AE76-1B2CA30EB4FB}
		{F849DB75-A09C-499F-B68F-553A25B5BD22} = {B875BBA2-64A8-45FD-A069-EA893FC8E87F}
		{AF2EF532-4256-4612-A83B-5C0CC0F0F82F} = {B875BBA2-64A8-45FD-A069-EA893FC8E87F}
		{B4558E2D-F8E5-4F5F-B7EB-982BE959B3A9} = {BB0A72D6-BDAD-4CD7-9F42-1E45EF4FFC8E}
		{AE829F86-FAA9-49F0-AACE-60691C1B6B04} = {BB0A72D6-BDAD-4CD7-9F42-1E45EF4FFC8E}
		{32A3FAD5-DECF-4E04-9C17-65CD3B2F6B99} = {D0810AA2-715C-451D-8D8B-171F4DB96D6C}
		{B8341ACC-DBA7-4DEB-A204-3829AA3574A8} = {3F41DD9D-5566-4029-AE76-1B2CA30EB4FB}
		{62A80818-14CC-DCD9-80EA-99B48D3D02CD} = {3F41DD9D-5566-4029-AE76-1B2CA30EB4FB}
		{B0AA69FE-5483-435A-98A0-C5DD2C7ADB4A} = {9196F515-AE30-44CF-9A18-FD837D58670A}
		{40B218A2-8629-432A-811F-898AE5B095C1} = {9196F515-AE30-44CF-9A18-FD837D58670A}
	EndGlobalSection
	GlobalSection(ExtensibilityGlobals) = postSolution
		SolutionGuid = {DF6D0B6B-4098-402A-B20F-F30767AD6EB7}
	EndGlobalSection
EndGlobal
