
Microsoft Visual Studio Solution File, Format Version 12.00
# Visual Studio Version 17
VisualStudioVersion = 17.1.32228.430
MinimumVisualStudioVersion = 10.0.40219.1
Project("{2150E333-8FDC-42A3-9474-1A3956D46DE8}") = "Omi.Fix.Fixml", "Omi.Fix.Fixml", "{A85B5E26-6CC1-4E62-8B31-7304F669B638}"
	ProjectSection(SolutionItems) = preProject
		Omi.Fix.Fixml\ReadMe.md = Omi.Fix.Fixml\ReadMe.md
	EndProjectSection
EndProject
Project("{9A19103F-16F7-4668-BE54-9A1E7A4F7556}") = "Example.Fixml", "Omi.Fix.Fixml\Example.Fixml\Example.Fixml.csproj", "{A5E9A7F3-D8C4-4FB2-BB44-59CE122EB61B}"
EndProject
Project("{9A19103F-16F7-4668-BE54-9A1E7A4F7556}") = "Omi.Fix.Fixml", "Omi.Fix.Fixml\Omi.Fix.Fixml\Omi.Fix.Fixml.csproj", "{5044F898-39E1-4EFF-B072-BA13D2A6A8B0}"
EndProject
Project("{9A19103F-16F7-4668-BE54-9A1E7A4F7556}") = "Omi.Fix.Fixml.Test", "Omi.Fix.Fixml\Omi.Fix.Fixml.Test\Omi.Fix.Fixml.Test.csproj", "{740B3B3B-F045-4DC0-9B3F-A5BAC796BC8A}"
EndProject
Project("{2150E333-8FDC-42A3-9474-1A3956D46DE8}") = "Omi.Fix.Sbe", "Omi.Fix.Sbe", "{98C0D5A6-2401-4FE0-84AD-9904CB030E3A}"
EndProject
Project("{9A19103F-16F7-4668-BE54-9A1E7A4F7556}") = "Omi.Fix.Sbe", "Omi.Fix.Sbe\Omi.Fix.Sbe\Omi.Fix.Sbe.csproj", "{17298AD6-FC7C-4A6C-8DA1-9229B328F54D}"
EndProject
Project("{9A19103F-16F7-4668-BE54-9A1E7A4F7556}") = "Omi.Fix.Sbe.Test", "Omi.Fix.Sbe\Omi.Fix.Sbe.Test\Omi.Fix.Sbe.Test.csproj", "{16E37315-D090-44CF-8E75-32CE5221C513}"
EndProject
Project("{2150E333-8FDC-42A3-9474-1A3956D46DE8}") = "Omi.Fix.Specification", "Omi.Fix.Specification", "{D194E812-9D37-44C7-9152-2686734ADE30}"
EndProject
Project("{9A19103F-16F7-4668-BE54-9A1E7A4F7556}") = "Omi.Fix.Specification", "Omi.Fix.Specification\Omi.Fix.Specification\Omi.Fix.Specification.csproj", "{4674ABB8-83AD-4A0A-A246-E4E82E68FB7D}"
EndProject
Project("{9A19103F-16F7-4668-BE54-9A1E7A4F7556}") = "Omi.Fix.Specification.Test", "Omi.Fix.Specification\Omi.Fix.Specification.Test\Omi.Fix.Specification.Test.csproj", "{7535F0EB-6AD6-4AA9-B257-7F634D290B9E}"
EndProject
Project("{2150E333-8FDC-42A3-9474-1A3956D46DE8}") = "Omi.Fix.Txt", "Omi.Fix.Txt", "{232D1918-3F35-4AD2-AEDF-A00A4F46E165}"
	ProjectSection(SolutionItems) = preProject
		Omi.Fix.Txt\ReadMe.md = Omi.Fix.Txt\ReadMe.md
	EndProjectSection
EndProject
Project("{9A19103F-16F7-4668-BE54-9A1E7A4F7556}") = "Example.Txt", "Omi.Fix.Txt\Example.Txt\Example.Txt.csproj", "{E4D026CA-80B3-40EE-B5D2-B389901AC489}"
EndProject
Project("{9A19103F-16F7-4668-BE54-9A1E7A4F7556}") = "Omi.Fix.Txt", "Omi.Fix.Txt\Omi.Fix.Txt\Omi.Fix.Txt.csproj", "{35436DD7-D0E4-4B48-8610-1D669D7E3287}"
EndProject
Project("{9A19103F-16F7-4668-BE54-9A1E7A4F7556}") = "Omi.Fix.Txt.Test", "Omi.Fix.Txt\Omi.Fix.Txt.Test\Omi.Fix.Txt.Test.csproj", "{10BCB3FF-D8E3-4FDA-988B-F7CBEBCC1F96}"
EndProject
Project("{2150E333-8FDC-42A3-9474-1A3956D46DE8}") = "Omi.Fix.Types", "Omi.Fix.Types", "{D04CE3A3-66BB-4497-926B-B73495F75318}"
EndProject
Project("{9A19103F-16F7-4668-BE54-9A1E7A4F7556}") = "Example.Types", "Omi.Fix.Types\Example.Types\Example.Types.csproj", "{68365D2F-5795-4131-9FF9-17F35706AD51}"
EndProject
Project("{9A19103F-16F7-4668-BE54-9A1E7A4F7556}") = "Omi.Fix.Types", "Omi.Fix.Types\Omi.Fix.Types\Omi.Fix.Types.csproj", "{1ACB7035-3049-478B-95B4-8B2D68FA26D8}"
EndProject
Project("{9A19103F-16F7-4668-BE54-9A1E7A4F7556}") = "Omi.Fix.Types.Test", "Omi.Fix.Types\Omi.Fix.Types.Test\Omi.Fix.Types.Test.csproj", "{A98B1A9A-3181-4734-A188-EE6CDB28C9D4}"
EndProject
Global
	GlobalSection(SolutionConfigurationPlatforms) = preSolution
		Debug|Any CPU = Debug|Any CPU
		Release|Any CPU = Release|Any CPU
	EndGlobalSection
	GlobalSection(ProjectConfigurationPlatforms) = postSolution
		{A5E9A7F3-D8C4-4FB2-BB44-59CE122EB61B}.Debug|Any CPU.ActiveCfg = Debug|Any CPU
		{A5E9A7F3-D8C4-4FB2-BB44-59CE122EB61B}.Debug|Any CPU.Build.0 = Debug|Any CPU
		{A5E9A7F3-D8C4-4FB2-BB44-59CE122EB61B}.Release|Any CPU.ActiveCfg = Release|Any CPU
		{A5E9A7F3-D8C4-4FB2-BB44-59CE122EB61B}.Release|Any CPU.Build.0 = Release|Any CPU
		{5044F898-39E1-4EFF-B072-BA13D2A6A8B0}.Debug|Any CPU.ActiveCfg = Debug|Any CPU
		{5044F898-39E1-4EFF-B072-BA13D2A6A8B0}.Debug|Any CPU.Build.0 = Debug|Any CPU
		{5044F898-39E1-4EFF-B072-BA13D2A6A8B0}.Release|Any CPU.ActiveCfg = Release|Any CPU
		{5044F898-39E1-4EFF-B072-BA13D2A6A8B0}.Release|Any CPU.Build.0 = Release|Any CPU
		{740B3B3B-F045-4DC0-9B3F-A5BAC796BC8A}.Debug|Any CPU.ActiveCfg = Debug|Any CPU
		{740B3B3B-F045-4DC0-9B3F-A5BAC796BC8A}.Debug|Any CPU.Build.0 = Debug|Any CPU
		{740B3B3B-F045-4DC0-9B3F-A5BAC796BC8A}.Release|Any CPU.ActiveCfg = Release|Any CPU
		{740B3B3B-F045-4DC0-9B3F-A5BAC796BC8A}.Release|Any CPU.Build.0 = Release|Any CPU
		{17298AD6-FC7C-4A6C-8DA1-9229B328F54D}.Debug|Any CPU.ActiveCfg = Debug|Any CPU
		{17298AD6-FC7C-4A6C-8DA1-9229B328F54D}.Debug|Any CPU.Build.0 = Debug|Any CPU
		{17298AD6-FC7C-4A6C-8DA1-9229B328F54D}.Release|Any CPU.ActiveCfg = Release|Any CPU
		{17298AD6-FC7C-4A6C-8DA1-9229B328F54D}.Release|Any CPU.Build.0 = Release|Any CPU
		{16E37315-D090-44CF-8E75-32CE5221C513}.Debug|Any CPU.ActiveCfg = Debug|Any CPU
		{16E37315-D090-44CF-8E75-32CE5221C513}.Debug|Any CPU.Build.0 = Debug|Any CPU
		{16E37315-D090-44CF-8E75-32CE5221C513}.Release|Any CPU.ActiveCfg = Release|Any CPU
		{16E37315-D090-44CF-8E75-32CE5221C513}.Release|Any CPU.Build.0 = Release|Any CPU
		{4674ABB8-83AD-4A0A-A246-E4E82E68FB7D}.Debug|Any CPU.ActiveCfg = Debug|Any CPU
		{4674ABB8-83AD-4A0A-A246-E4E82E68FB7D}.Debug|Any CPU.Build.0 = Debug|Any CPU
		{4674ABB8-83AD-4A0A-A246-E4E82E68FB7D}.Release|Any CPU.ActiveCfg = Release|Any CPU
		{4674ABB8-83AD-4A0A-A246-E4E82E68FB7D}.Release|Any CPU.Build.0 = Release|Any CPU
		{7535F0EB-6AD6-4AA9-B257-7F634D290B9E}.Debug|Any CPU.ActiveCfg = Debug|Any CPU
		{7535F0EB-6AD6-4AA9-B257-7F634D290B9E}.Debug|Any CPU.Build.0 = Debug|Any CPU
		{7535F0EB-6AD6-4AA9-B257-7F634D290B9E}.Release|Any CPU.ActiveCfg = Release|Any CPU
		{7535F0EB-6AD6-4AA9-B257-7F634D290B9E}.Release|Any CPU.Build.0 = Release|Any CPU
		{E4D026CA-80B3-40EE-B5D2-B389901AC489}.Debug|Any CPU.ActiveCfg = Debug|Any CPU
		{E4D026CA-80B3-40EE-B5D2-B389901AC489}.Debug|Any CPU.Build.0 = Debug|Any CPU
		{E4D026CA-80B3-40EE-B5D2-B389901AC489}.Release|Any CPU.ActiveCfg = Release|Any CPU
		{E4D026CA-80B3-40EE-B5D2-B389901AC489}.Release|Any CPU.Build.0 = Release|Any CPU
		{35436DD7-D0E4-4B48-8610-1D669D7E3287}.Debug|Any CPU.ActiveCfg = Debug|Any CPU
		{35436DD7-D0E4-4B48-8610-1D669D7E3287}.Debug|Any CPU.Build.0 = Debug|Any CPU
		{35436DD7-D0E4-4B48-8610-1D669D7E3287}.Release|Any CPU.ActiveCfg = Release|Any CPU
		{35436DD7-D0E4-4B48-8610-1D669D7E3287}.Release|Any CPU.Build.0 = Release|Any CPU
		{10BCB3FF-D8E3-4FDA-988B-F7CBEBCC1F96}.Debug|Any CPU.ActiveCfg = Debug|Any CPU
		{10BCB3FF-D8E3-4FDA-988B-F7CBEBCC1F96}.Debug|Any CPU.Build.0 = Debug|Any CPU
		{10BCB3FF-D8E3-4FDA-988B-F7CBEBCC1F96}.Release|Any CPU.ActiveCfg = Release|Any CPU
		{10BCB3FF-D8E3-4FDA-988B-F7CBEBCC1F96}.Release|Any CPU.Build.0 = Release|Any CPU
		{68365D2F-5795-4131-9FF9-17F35706AD51}.Debug|Any CPU.ActiveCfg = Debug|Any CPU
		{68365D2F-5795-4131-9FF9-17F35706AD51}.Debug|Any CPU.Build.0 = Debug|Any CPU
		{68365D2F-5795-4131-9FF9-17F35706AD51}.Release|Any CPU.ActiveCfg = Release|Any CPU
		{68365D2F-5795-4131-9FF9-17F35706AD51}.Release|Any CPU.Build.0 = Release|Any CPU
		{1ACB7035-3049-478B-95B4-8B2D68FA26D8}.Debug|Any CPU.ActiveCfg = Debug|Any CPU
		{1ACB7035-3049-478B-95B4-8B2D68FA26D8}.Debug|Any CPU.Build.0 = Debug|Any CPU
		{1ACB7035-3049-478B-95B4-8B2D68FA26D8}.Release|Any CPU.ActiveCfg = Release|Any CPU
		{1ACB7035-3049-478B-95B4-8B2D68FA26D8}.Release|Any CPU.Build.0 = Release|Any CPU
		{A98B1A9A-3181-4734-A188-EE6CDB28C9D4}.Debug|Any CPU.ActiveCfg = Debug|Any CPU
		{A98B1A9A-3181-4734-A188-EE6CDB28C9D4}.Debug|Any CPU.Build.0 = Debug|Any CPU
		{A98B1A9A-3181-4734-A188-EE6CDB28C9D4}.Release|Any CPU.ActiveCfg = Release|Any CPU
		{A98B1A9A-3181-4734-A188-EE6CDB28C9D4}.Release|Any CPU.Build.0 = Release|Any CPU
	EndGlobalSection
	GlobalSection(SolutionProperties) = preSolution
		HideSolutionNode = FALSE
	EndGlobalSection
	GlobalSection(NestedProjects) = preSolution
		{A5E9A7F3-D8C4-4FB2-BB44-59CE122EB61B} = {A85B5E26-6CC1-4E62-8B31-7304F669B638}
		{5044F898-39E1-4EFF-B072-BA13D2A6A8B0} = {A85B5E26-6CC1-4E62-8B31-7304F669B638}
		{740B3B3B-F045-4DC0-9B3F-A5BAC796BC8A} = {A85B5E26-6CC1-4E62-8B31-7304F669B638}
		{17298AD6-FC7C-4A6C-8DA1-9229B328F54D} = {98C0D5A6-2401-4FE0-84AD-9904CB030E3A}
		{16E37315-D090-44CF-8E75-32CE5221C513} = {98C0D5A6-2401-4FE0-84AD-9904CB030E3A}
		{4674ABB8-83AD-4A0A-A246-E4E82E68FB7D} = {D194E812-9D37-44C7-9152-2686734ADE30}
		{7535F0EB-6AD6-4AA9-B257-7F634D290B9E} = {D194E812-9D37-44C7-9152-2686734ADE30}
		{E4D026CA-80B3-40EE-B5D2-B389901AC489} = {232D1918-3F35-4AD2-AEDF-A00A4F46E165}
		{35436DD7-D0E4-4B48-8610-1D669D7E3287} = {232D1918-3F35-4AD2-AEDF-A00A4F46E165}
		{10BCB3FF-D8E3-4FDA-988B-F7CBEBCC1F96} = {232D1918-3F35-4AD2-AEDF-A00A4F46E165}
		{68365D2F-5795-4131-9FF9-17F35706AD51} = {D04CE3A3-66BB-4497-926B-B73495F75318}
		{1ACB7035-3049-478B-95B4-8B2D68FA26D8} = {D04CE3A3-66BB-4497-926B-B73495F75318}
		{A98B1A9A-3181-4734-A188-EE6CDB28C9D4} = {D04CE3A3-66BB-4497-926B-B73495F75318}
	EndGlobalSection
	GlobalSection(ExtensibilityGlobals) = postSolution
		SolutionGuid = {685B1C7B-6F37-4CDA-9B91-02B100EA7248}
	EndGlobalSection
EndGlobal
