
Microsoft Visual Studio Solution File, Format Version 12.00
# Visual Studio Version 17
VisualStudioVersion = 17.11.35312.102
MinimumVisualStudioVersion = 10.0.40219.1
Project("{9A19103F-16F7-4668-BE54-9A1E7A4F7556}") = "Omi.Fix.Fixml", "Omi.Fix.Fixml\Omi.Fix.Fixml\Omi.Fix.Fixml.csproj", "{C799E6A5-2DD7-4463-93B9-B24D0EB3AB9C}"
EndProject
Project("{2150E333-8FDC-42A3-9474-1A3956D46DE8}") = "Fixml", "Fixml", "{B875BBA2-64A8-45FD-A069-EA893FC8E87F}"
EndProject
Project("{2150E333-8FDC-42A3-9474-1A3956D46DE8}") = "Sbe", "Sbe", "{BB0A72D6-BDAD-4CD7-9F42-1E45EF4FFC8E}"
EndProject
Project("{9A19103F-16F7-4668-BE54-9A1E7A4F7556}") = "Omi.Fix.Sbe", "Omi.Fix.Sbe\Omi.Fix.Sbe\Omi.Fix.Sbe.csproj", "{9555888B-59B9-4EBB-9FAC-9699C31966CD}"
EndProject
Project("{9A19103F-16F7-4668-BE54-9A1E7A4F7556}") = "Omi.Fix.Sbe.Test", "Omi.Fix.Sbe\Omi.Fix.Sbe.Test\Omi.Fix.Sbe.Test.csproj", "{CDE5B150-87E1-4689-8076-1226EEF489E7}"
EndProject
Project("{2150E333-8FDC-42A3-9474-1A3956D46DE8}") = "Intermediate", "Intermediate", "{4BAADBE2-DB98-46FB-AB07-DB48B7447E6B}"
EndProject
Project("{9A19103F-16F7-4668-BE54-9A1E7A4F7556}") = "Omi.Fix.Specification", "Omi.Fix.Specification\Omi.Fix.Specification\Omi.Fix.Specification.csproj", "{7E2B5688-3207-43CC-A96D-A494C74F1979}"
EndProject
Project("{9A19103F-16F7-4668-BE54-9A1E7A4F7556}") = "Omi.Fix.Specification.Example", "Omi.Fix.Specification\Omi.Fix.Specification.Example\Omi.Fix.Specification.Example.csproj", "{73BAD7DB-9398-47B7-9173-E7B7A6B46D27}"
EndProject
Project("{9A19103F-16F7-4668-BE54-9A1E7A4F7556}") = "Omi.Fix.Specification.Test", "Omi.Fix.Specification\Omi.Fix.Specification.Test\Omi.Fix.Specification.Test.csproj", "{FFDC900C-CAC3-4A83-906D-D6EF3D93F09A}"
EndProject
Project("{2150E333-8FDC-42A3-9474-1A3956D46DE8}") = "Types", "Types", "{86EC10BC-D105-48A0-A476-C13EF7539758}"
EndProject
Project("{9A19103F-16F7-4668-BE54-9A1E7A4F7556}") = "Omi.Fix.Types", "Omi.Fix.Types\Omi.Fix.Types\Omi.Fix.Types.csproj", "{4F522CE4-C8FE-46B4-A50D-D751E8CD615B}"
EndProject
Project("{9A19103F-16F7-4668-BE54-9A1E7A4F7556}") = "Example.Types", "Omi.Fix.Types\Example.Types\Example.Types.csproj", "{984F9495-7D04-421D-9403-A69814CC1A37}"
EndProject
Project("{9A19103F-16F7-4668-BE54-9A1E7A4F7556}") = "Omi.Fix.Types.Test", "Omi.Fix.Types\Omi.Fix.Types.Test\Omi.Fix.Types.Test.csproj", "{0C071D1C-4ACB-45B9-B644-7ADF5840B3F7}"
EndProject
Project("{2150E333-8FDC-42A3-9474-1A3956D46DE8}") = "Text", "Text", "{9196F515-AE30-44CF-9A18-FD837D58670A}"
EndProject
Project("{9A19103F-16F7-4668-BE54-9A1E7A4F7556}") = "Omi.Fix.Txt", "Omi.Fix.Txt\Omi.Fix.Txt\Omi.Fix.Txt.csproj", "{CF4E7D4B-E069-4923-A248-92DDB952AA10}"
EndProject
Project("{9A19103F-16F7-4668-BE54-9A1E7A4F7556}") = "Example.Txt", "Omi.Fix.Txt\Example.Txt\Example.Txt.csproj", "{09BB0A32-E6B8-4317-9406-57EA29436986}"
EndProject
Project("{9A19103F-16F7-4668-BE54-9A1E7A4F7556}") = "Omi.Fix.Txt.Test", "Omi.Fix.Txt\Omi.Fix.Txt.Test\Omi.Fix.Txt.Test.csproj", "{40D39623-55FC-43A7-947B-9909454B9D57}"
EndProject
Project("{2150E333-8FDC-42A3-9474-1A3956D46DE8}") = "T7", "T7", "{3F41DD9D-5566-4029-AE76-1B2CA30EB4FB}"
EndProject
Project("{9A19103F-16F7-4668-BE54-9A1E7A4F7556}") = "Omi.Fix.T7", "Omi.Fix.T7\Omi.Fix.T7\Omi.Fix.T7.csproj", "{ECB22873-31D8-4E3D-892F-2426F7735F3F}"
EndProject
Project("{9A19103F-16F7-4668-BE54-9A1E7A4F7556}") = "Omi.Fix.T7.Test", "Omi.Fix.T7\Omi.Fix.T7.Test\Omi.Fix.T7.Test.csproj", "{C5CFB394-15A6-41D2-A324-5D9B7867B1F5}"
EndProject
Project("{9A19103F-16F7-4668-BE54-9A1E7A4F7556}") = "Omi.Fix.Fixml.Example", "Omi.Fix.Fixml\Omi.Fix.Fixml.Example\Omi.Fix.Fixml.Example.csproj", "{F849DB75-A09C-499F-B68F-553A25B5BD22}"
EndProject
Project("{9A19103F-16F7-4668-BE54-9A1E7A4F7556}") = "Omi.Fix.Fixml.Tests", "Omi.Fix.Fixml\Omi.Fix.Fixml.Tests\Omi.Fix.Fixml.Tests.csproj", "{AF2EF532-4256-4612-A83B-5C0CC0F0F82F}"
EndProject
Global
	GlobalSection(SolutionConfigurationPlatforms) = preSolution
		Debug|Any CPU = Debug|Any CPU
		Release|Any CPU = Release|Any CPU
	EndGlobalSection
	GlobalSection(ProjectConfigurationPlatforms) = postSolution
		{C799E6A5-2DD7-4463-93B9-B24D0EB3AB9C}.Debug|Any CPU.ActiveCfg = Debug|Any CPU
		{C799E6A5-2DD7-4463-93B9-B24D0EB3AB9C}.Debug|Any CPU.Build.0 = Debug|Any CPU
		{C799E6A5-2DD7-4463-93B9-B24D0EB3AB9C}.Release|Any CPU.ActiveCfg = Release|Any CPU
		{C799E6A5-2DD7-4463-93B9-B24D0EB3AB9C}.Release|Any CPU.Build.0 = Release|Any CPU
		{9555888B-59B9-4EBB-9FAC-9699C31966CD}.Debug|Any CPU.ActiveCfg = Debug|Any CPU
		{9555888B-59B9-4EBB-9FAC-9699C31966CD}.Debug|Any CPU.Build.0 = Debug|Any CPU
		{9555888B-59B9-4EBB-9FAC-9699C31966CD}.Release|Any CPU.ActiveCfg = Release|Any CPU
		{9555888B-59B9-4EBB-9FAC-9699C31966CD}.Release|Any CPU.Build.0 = Release|Any CPU
		{CDE5B150-87E1-4689-8076-1226EEF489E7}.Debug|Any CPU.ActiveCfg = Debug|Any CPU
		{CDE5B150-87E1-4689-8076-1226EEF489E7}.Debug|Any CPU.Build.0 = Debug|Any CPU
		{CDE5B150-87E1-4689-8076-1226EEF489E7}.Release|Any CPU.ActiveCfg = Release|Any CPU
		{CDE5B150-87E1-4689-8076-1226EEF489E7}.Release|Any CPU.Build.0 = Release|Any CPU
		{7E2B5688-3207-43CC-A96D-A494C74F1979}.Debug|Any CPU.ActiveCfg = Debug|Any CPU
		{7E2B5688-3207-43CC-A96D-A494C74F1979}.Debug|Any CPU.Build.0 = Debug|Any CPU
		{7E2B5688-3207-43CC-A96D-A494C74F1979}.Release|Any CPU.ActiveCfg = Release|Any CPU
		{7E2B5688-3207-43CC-A96D-A494C74F1979}.Release|Any CPU.Build.0 = Release|Any CPU
		{73BAD7DB-9398-47B7-9173-E7B7A6B46D27}.Debug|Any CPU.ActiveCfg = Debug|Any CPU
		{73BAD7DB-9398-47B7-9173-E7B7A6B46D27}.Debug|Any CPU.Build.0 = Debug|Any CPU
		{73BAD7DB-9398-47B7-9173-E7B7A6B46D27}.Release|Any CPU.ActiveCfg = Release|Any CPU
		{73BAD7DB-9398-47B7-9173-E7B7A6B46D27}.Release|Any CPU.Build.0 = Release|Any CPU
		{FFDC900C-CAC3-4A83-906D-D6EF3D93F09A}.Debug|Any CPU.ActiveCfg = Debug|Any CPU
		{FFDC900C-CAC3-4A83-906D-D6EF3D93F09A}.Debug|Any CPU.Build.0 = Debug|Any CPU
		{FFDC900C-CAC3-4A83-906D-D6EF3D93F09A}.Release|Any CPU.ActiveCfg = Release|Any CPU
		{FFDC900C-CAC3-4A83-906D-D6EF3D93F09A}.Release|Any CPU.Build.0 = Release|Any CPU
		{4F522CE4-C8FE-46B4-A50D-D751E8CD615B}.Debug|Any CPU.ActiveCfg = Debug|Any CPU
		{4F522CE4-C8FE-46B4-A50D-D751E8CD615B}.Debug|Any CPU.Build.0 = Debug|Any CPU
		{4F522CE4-C8FE-46B4-A50D-D751E8CD615B}.Release|Any CPU.ActiveCfg = Release|Any CPU
		{4F522CE4-C8FE-46B4-A50D-D751E8CD615B}.Release|Any CPU.Build.0 = Release|Any CPU
		{984F9495-7D04-421D-9403-A69814CC1A37}.Debug|Any CPU.ActiveCfg = Debug|Any CPU
		{984F9495-7D04-421D-9403-A69814CC1A37}.Debug|Any CPU.Build.0 = Debug|Any CPU
		{984F9495-7D04-421D-9403-A69814CC1A37}.Release|Any CPU.ActiveCfg = Release|Any CPU
		{984F9495-7D04-421D-9403-A69814CC1A37}.Release|Any CPU.Build.0 = Release|Any CPU
		{0C071D1C-4ACB-45B9-B644-7ADF5840B3F7}.Debug|Any CPU.ActiveCfg = Debug|Any CPU
		{0C071D1C-4ACB-45B9-B644-7ADF5840B3F7}.Debug|Any CPU.Build.0 = Debug|Any CPU
		{0C071D1C-4ACB-45B9-B644-7ADF5840B3F7}.Release|Any CPU.ActiveCfg = Release|Any CPU
		{0C071D1C-4ACB-45B9-B644-7ADF5840B3F7}.Release|Any CPU.Build.0 = Release|Any CPU
		{CF4E7D4B-E069-4923-A248-92DDB952AA10}.Debug|Any CPU.ActiveCfg = Debug|Any CPU
		{CF4E7D4B-E069-4923-A248-92DDB952AA10}.Debug|Any CPU.Build.0 = Debug|Any CPU
		{CF4E7D4B-E069-4923-A248-92DDB952AA10}.Release|Any CPU.ActiveCfg = Release|Any CPU
		{CF4E7D4B-E069-4923-A248-92DDB952AA10}.Release|Any CPU.Build.0 = Release|Any CPU
		{09BB0A32-E6B8-4317-9406-57EA29436986}.Debug|Any CPU.ActiveCfg = Debug|Any CPU
		{09BB0A32-E6B8-4317-9406-57EA29436986}.Debug|Any CPU.Build.0 = Debug|Any CPU
		{09BB0A32-E6B8-4317-9406-57EA29436986}.Release|Any CPU.ActiveCfg = Release|Any CPU
		{09BB0A32-E6B8-4317-9406-57EA29436986}.Release|Any CPU.Build.0 = Release|Any CPU
		{40D39623-55FC-43A7-947B-9909454B9D57}.Debug|Any CPU.ActiveCfg = Debug|Any CPU
		{40D39623-55FC-43A7-947B-9909454B9D57}.Debug|Any CPU.Build.0 = Debug|Any CPU
		{40D39623-55FC-43A7-947B-9909454B9D57}.Release|Any CPU.ActiveCfg = Release|Any CPU
		{40D39623-55FC-43A7-947B-9909454B9D57}.Release|Any CPU.Build.0 = Release|Any CPU
		{ECB22873-31D8-4E3D-892F-2426F7735F3F}.Debug|Any CPU.ActiveCfg = Debug|Any CPU
		{ECB22873-31D8-4E3D-892F-2426F7735F3F}.Debug|Any CPU.Build.0 = Debug|Any CPU
		{ECB22873-31D8-4E3D-892F-2426F7735F3F}.Release|Any CPU.ActiveCfg = Release|Any CPU
		{ECB22873-31D8-4E3D-892F-2426F7735F3F}.Release|Any CPU.Build.0 = Release|Any CPU
		{C5CFB394-15A6-41D2-A324-5D9B7867B1F5}.Debug|Any CPU.ActiveCfg = Debug|Any CPU
		{C5CFB394-15A6-41D2-A324-5D9B7867B1F5}.Debug|Any CPU.Build.0 = Debug|Any CPU
		{C5CFB394-15A6-41D2-A324-5D9B7867B1F5}.Release|Any CPU.ActiveCfg = Release|Any CPU
		{C5CFB394-15A6-41D2-A324-5D9B7867B1F5}.Release|Any CPU.Build.0 = Release|Any CPU
		{F849DB75-A09C-499F-B68F-553A25B5BD22}.Debug|Any CPU.ActiveCfg = Debug|Any CPU
		{F849DB75-A09C-499F-B68F-553A25B5BD22}.Debug|Any CPU.Build.0 = Debug|Any CPU
		{F849DB75-A09C-499F-B68F-553A25B5BD22}.Release|Any CPU.ActiveCfg = Release|Any CPU
		{F849DB75-A09C-499F-B68F-553A25B5BD22}.Release|Any CPU.Build.0 = Release|Any CPU
		{AF2EF532-4256-4612-A83B-5C0CC0F0F82F}.Debug|Any CPU.ActiveCfg = Debug|Any CPU
		{AF2EF532-4256-4612-A83B-5C0CC0F0F82F}.Debug|Any CPU.Build.0 = Debug|Any CPU
		{AF2EF532-4256-4612-A83B-5C0CC0F0F82F}.Release|Any CPU.ActiveCfg = Release|Any CPU
		{AF2EF532-4256-4612-A83B-5C0CC0F0F82F}.Release|Any CPU.Build.0 = Release|Any CPU
	EndGlobalSection
	GlobalSection(SolutionProperties) = preSolution
		HideSolutionNode = FALSE
	EndGlobalSection
	GlobalSection(NestedProjects) = preSolution
		{C799E6A5-2DD7-4463-93B9-B24D0EB3AB9C} = {B875BBA2-64A8-45FD-A069-EA893FC8E87F}
		{9555888B-59B9-4EBB-9FAC-9699C31966CD} = {BB0A72D6-BDAD-4CD7-9F42-1E45EF4FFC8E}
		{CDE5B150-87E1-4689-8076-1226EEF489E7} = {BB0A72D6-BDAD-4CD7-9F42-1E45EF4FFC8E}
		{7E2B5688-3207-43CC-A96D-A494C74F1979} = {4BAADBE2-DB98-46FB-AB07-DB48B7447E6B}
		{73BAD7DB-9398-47B7-9173-E7B7A6B46D27} = {4BAADBE2-DB98-46FB-AB07-DB48B7447E6B}
		{FFDC900C-CAC3-4A83-906D-D6EF3D93F09A} = {4BAADBE2-DB98-46FB-AB07-DB48B7447E6B}
		{4F522CE4-C8FE-46B4-A50D-D751E8CD615B} = {86EC10BC-D105-48A0-A476-C13EF7539758}
		{984F9495-7D04-421D-9403-A69814CC1A37} = {86EC10BC-D105-48A0-A476-C13EF7539758}
		{0C071D1C-4ACB-45B9-B644-7ADF5840B3F7} = {86EC10BC-D105-48A0-A476-C13EF7539758}
		{CF4E7D4B-E069-4923-A248-92DDB952AA10} = {9196F515-AE30-44CF-9A18-FD837D58670A}
		{09BB0A32-E6B8-4317-9406-57EA29436986} = {9196F515-AE30-44CF-9A18-FD837D58670A}
		{40D39623-55FC-43A7-947B-9909454B9D57} = {9196F515-AE30-44CF-9A18-FD837D58670A}
		{ECB22873-31D8-4E3D-892F-2426F7735F3F} = {3F41DD9D-5566-4029-AE76-1B2CA30EB4FB}
		{C5CFB394-15A6-41D2-A324-5D9B7867B1F5} = {3F41DD9D-5566-4029-AE76-1B2CA30EB4FB}
		{F849DB75-A09C-499F-B68F-553A25B5BD22} = {B875BBA2-64A8-45FD-A069-EA893FC8E87F}
		{AF2EF532-4256-4612-A83B-5C0CC0F0F82F} = {B875BBA2-64A8-45FD-A069-EA893FC8E87F}
	EndGlobalSection
	GlobalSection(ExtensibilityGlobals) = postSolution
		SolutionGuid = {DF6D0B6B-4098-402A-B20F-F30767AD6EB7}
	EndGlobalSection
EndGlobal
